// !$*UTF8*$!
{
	archiveVersion = 1;
	classes = {
	};
	objectVersion = 56;
	objects = {

/* Begin PBXBuildFile section */
		5B09D9FE2A25C962001121D6 /* MovieInformation.swift in Sources */ = {isa = PBXBuildFile; fileRef = 5B09D9FD2A25C962001121D6 /* MovieInformation.swift */; };
		5B09DA002A25C96B001121D6 /* MovieCast.swift in Sources */ = {isa = PBXBuildFile; fileRef = 5B09D9FF2A25C96B001121D6 /* MovieCast.swift */; };
		5B09DA022A25CC62001121D6 /* TMDBMovieCredit.swift in Sources */ = {isa = PBXBuildFile; fileRef = 5B09DA012A25CC62001121D6 /* TMDBMovieCredit.swift */; };
		5B208E732AA7008900E3A09F /* SnapKit in Frameworks */ = {isa = PBXBuildFile; productRef = 5B208E722AA7008900E3A09F /* SnapKit */; };
		5B208E762AA700B400E3A09F /* RxCocoa in Frameworks */ = {isa = PBXBuildFile; productRef = 5B208E752AA700B400E3A09F /* RxCocoa */; };
		5B208E782AA700B400E3A09F /* RxRelay in Frameworks */ = {isa = PBXBuildFile; productRef = 5B208E772AA700B400E3A09F /* RxRelay */; };
		5B208E7A2AA700B400E3A09F /* RxSwift in Frameworks */ = {isa = PBXBuildFile; productRef = 5B208E792AA700B400E3A09F /* RxSwift */; };
		5B208E7C2AA71D4B00E3A09F /* NetworkManager.swift in Sources */ = {isa = PBXBuildFile; fileRef = 5B208E7B2AA71D4B00E3A09F /* NetworkManager.swift */; };
		5B208E7F2AA71F2400E3A09F /* APIKEYType.swift in Sources */ = {isa = PBXBuildFile; fileRef = 5B208E7E2AA71F2400E3A09F /* APIKEYType.swift */; };
		5B208E812AA71F9C00E3A09F /* MakeURL.swift in Sources */ = {isa = PBXBuildFile; fileRef = 5B208E802AA71F9C00E3A09F /* MakeURL.swift */; };
		5B208E842AA76D8B00E3A09F /* ViewModel.swift in Sources */ = {isa = PBXBuildFile; fileRef = 5B208E832AA76D8B00E3A09F /* ViewModel.swift */; };
		5B208E872AB0380900E3A09F /* NavigationView.swift in Sources */ = {isa = PBXBuildFile; fileRef = 5B208E862AB0380900E3A09F /* NavigationView.swift */; };
		5B208E8A2AB0560300E3A09F /* BarItem.swift in Sources */ = {isa = PBXBuildFile; fileRef = 5B208E892AB0560300E3A09F /* BarItem.swift */; };
		5B208E8C2AB0561800E3A09F /* NavigationViewDelegate.swift in Sources */ = {isa = PBXBuildFile; fileRef = 5B208E8B2AB0561800E3A09F /* NavigationViewDelegate.swift */; };
		5B3F1BED2A146EAC0062BE99 /* AppDelegate.swift in Sources */ = {isa = PBXBuildFile; fileRef = 5B3F1BEC2A146EAC0062BE99 /* AppDelegate.swift */; };
		5B3F1BEF2A146EAC0062BE99 /* SceneDelegate.swift in Sources */ = {isa = PBXBuildFile; fileRef = 5B3F1BEE2A146EAC0062BE99 /* SceneDelegate.swift */; };
		5B3F1BF12A146EAC0062BE99 /* HomeViewController.swift in Sources */ = {isa = PBXBuildFile; fileRef = 5B3F1BF02A146EAC0062BE99 /* HomeViewController.swift */; };
		5B3F1BF42A146EAC0062BE99 /* Main.storyboard in Resources */ = {isa = PBXBuildFile; fileRef = 5B3F1BF22A146EAC0062BE99 /* Main.storyboard */; };
		5B3F1BF62A146EAE0062BE99 /* Assets.xcassets in Resources */ = {isa = PBXBuildFile; fileRef = 5B3F1BF52A146EAE0062BE99 /* Assets.xcassets */; };
		5B3F1BF92A146EAE0062BE99 /* LaunchScreen.storyboard in Resources */ = {isa = PBXBuildFile; fileRef = 5B3F1BF72A146EAE0062BE99 /* LaunchScreen.storyboard */; };
		5B3F1C042A146EAE0062BE99 /* MovieAppTests.swift in Sources */ = {isa = PBXBuildFile; fileRef = 5B3F1C032A146EAE0062BE99 /* MovieAppTests.swift */; };
		5B3F1C0E2A146EAE0062BE99 /* MovieAppUITests.swift in Sources */ = {isa = PBXBuildFile; fileRef = 5B3F1C0D2A146EAE0062BE99 /* MovieAppUITests.swift */; };
		5B3F1C102A146EAE0062BE99 /* MovieAppUITestsLaunchTests.swift in Sources */ = {isa = PBXBuildFile; fileRef = 5B3F1C0F2A146EAE0062BE99 /* MovieAppUITestsLaunchTests.swift */; };
		5B3F1C342A1489710062BE99 /* BoxOfficeQueryParameters.swift in Sources */ = {isa = PBXBuildFile; fileRef = 5B3F1C332A1489710062BE99 /* BoxOfficeQueryParameters.swift */; };
		5B3F1C362A1489A10062BE99 /* MovieDetailQueryParameters.swift in Sources */ = {isa = PBXBuildFile; fileRef = 5B3F1C352A1489A10062BE99 /* MovieDetailQueryParameters.swift */; };
		5B3F1C3A2A148AFF0062BE99 /* BoxOffice.swift in Sources */ = {isa = PBXBuildFile; fileRef = 5B3F1C392A148AFF0062BE99 /* BoxOffice.swift */; };
		5B3F1C412A148B6D0062BE99 /* Actor.swift in Sources */ = {isa = PBXBuildFile; fileRef = 5B3F1C402A148B6D0062BE99 /* Actor.swift */; };
		5B3F1C432A148B750062BE99 /* Audit.swift in Sources */ = {isa = PBXBuildFile; fileRef = 5B3F1C422A148B750062BE99 /* Audit.swift */; };
		5B3F1C452A148B810062BE99 /* Company.swift in Sources */ = {isa = PBXBuildFile; fileRef = 5B3F1C442A148B810062BE99 /* Company.swift */; };
		5B3F1C472A148B880062BE99 /* Director.swift in Sources */ = {isa = PBXBuildFile; fileRef = 5B3F1C462A148B880062BE99 /* Director.swift */; };
		5B3F1C492A148B8E0062BE99 /* Genre.swift in Sources */ = {isa = PBXBuildFile; fileRef = 5B3F1C482A148B8E0062BE99 /* Genre.swift */; };
		5B3F1C4B2A148B950062BE99 /* Nation.swift in Sources */ = {isa = PBXBuildFile; fileRef = 5B3F1C4A2A148B950062BE99 /* Nation.swift */; };
		5B3F1C4D2A148B9B0062BE99 /* ShowType.swift in Sources */ = {isa = PBXBuildFile; fileRef = 5B3F1C4C2A148B9B0062BE99 /* ShowType.swift */; };
		5B3F1C4F2A148BA20062BE99 /* Staff.swift in Sources */ = {isa = PBXBuildFile; fileRef = 5B3F1C4E2A148BA20062BE99 /* Staff.swift */; };
		5B3F1C512A148BFC0062BE99 /* MovieInfo.swift in Sources */ = {isa = PBXBuildFile; fileRef = 5B3F1C502A148BFC0062BE99 /* MovieInfo.swift */; };
		5B3F1C532A148C040062BE99 /* MovieInfoResult.swift in Sources */ = {isa = PBXBuildFile; fileRef = 5B3F1C522A148C040062BE99 /* MovieInfoResult.swift */; };
		5B3F1C552A148C0F0062BE99 /* MovieDetailInformation.swift in Sources */ = {isa = PBXBuildFile; fileRef = 5B3F1C542A148C0F0062BE99 /* MovieDetailInformation.swift */; };
		5B3F1C692A1495100062BE99 /* Alamofire in Frameworks */ = {isa = PBXBuildFile; productRef = 5B3F1C682A1495100062BE99 /* Alamofire */; };
		5B3F1C6C2A14977D0062BE99 /* Gettable.swift in Sources */ = {isa = PBXBuildFile; fileRef = 5B3F1C6B2A14977D0062BE99 /* Gettable.swift */; };
		5B3F1C6E2A1497A00062BE99 /* MagicLiteral.swift in Sources */ = {isa = PBXBuildFile; fileRef = 5B3F1C6D2A1497A00062BE99 /* MagicLiteral.swift */; };
		5B3F1C742A14C8730062BE99 /* HomeHeaderView.swift in Sources */ = {isa = PBXBuildFile; fileRef = 5B3F1C732A14C8730062BE99 /* HomeHeaderView.swift */; };
		5B3F1C762A14C8DD0062BE99 /* TrendMovieListCell.swift in Sources */ = {isa = PBXBuildFile; fileRef = 5B3F1C752A14C8DD0062BE99 /* TrendMovieListCell.swift */; };
		5B3F1C7A2A14EC540062BE99 /* MagicNumber.swift in Sources */ = {isa = PBXBuildFile; fileRef = 5B3F1C792A14EC540062BE99 /* MagicNumber.swift */; };
		5B3F1C7D2A14EE140062BE99 /* HomeViewLayout.swift in Sources */ = {isa = PBXBuildFile; fileRef = 5B3F1C7C2A14EE140062BE99 /* HomeViewLayout.swift */; };
		5B591BD12A1D052C0079CAC0 /* ReusableCell.swift in Sources */ = {isa = PBXBuildFile; fileRef = 5B591BD02A1D052C0079CAC0 /* ReusableCell.swift */; };
		5B66209A2A26065000107022 /* DetailViewModel.swift in Sources */ = {isa = PBXBuildFile; fileRef = 5B6620992A26065000107022 /* DetailViewModel.swift */; };
		5B66209D2A260A0700107022 /* DetailViewModelInError.swift in Sources */ = {isa = PBXBuildFile; fileRef = 5B66209C2A260A0700107022 /* DetailViewModelInError.swift */; };
		5B6620A02A2619E300107022 /* Uniquable.swift in Sources */ = {isa = PBXBuildFile; fileRef = 5B66209F2A2619E300107022 /* Uniquable.swift */; };
		5B74F07E2A23602400AD4A73 /* DetailHeaderView.swift in Sources */ = {isa = PBXBuildFile; fileRef = 5B74F07D2A23602400AD4A73 /* DetailHeaderView.swift */; };
		5B74F0812A23680500AD4A73 /* MovieCreditCell.swift in Sources */ = {isa = PBXBuildFile; fileRef = 5B74F0802A23680500AD4A73 /* MovieCreditCell.swift */; };
		5B74F0832A236EDB00AD4A73 /* AudienceCountCell.swift in Sources */ = {isa = PBXBuildFile; fileRef = 5B74F0822A236EDB00AD4A73 /* AudienceCountCell.swift */; };
		5B74F0852A236FC800AD4A73 /* DetailSectionList.swift in Sources */ = {isa = PBXBuildFile; fileRef = 5B74F0842A236FC800AD4A73 /* DetailSectionList.swift */; };
		5B74F08A2A23913800AD4A73 /* TMDBMovieDetail.swift in Sources */ = {isa = PBXBuildFile; fileRef = 5B74F0892A23913800AD4A73 /* TMDBMovieDetail.swift */; };
		5B8C08D62A24D6ED000CC4F7 /* DetailFooterView.swift in Sources */ = {isa = PBXBuildFile; fileRef = 5B8C08D52A24D6ED000CC4F7 /* DetailFooterView.swift */; };
		5B9496622A84ACEA002ED2A2 /* BoxOfficeViewController.swift in Sources */ = {isa = PBXBuildFile; fileRef = 5B9496612A84ACEA002ED2A2 /* BoxOfficeViewController.swift */; };
		5B9496642A84AD1D002ED2A2 /* ProfileViewController.swift in Sources */ = {isa = PBXBuildFile; fileRef = 5B9496632A84AD1D002ED2A2 /* ProfileViewController.swift */; };
		5B9496682A85F8B9002ED2A2 /* BoxOfficeHeaderView.swift in Sources */ = {isa = PBXBuildFile; fileRef = 5B9496672A85F8B9002ED2A2 /* BoxOfficeHeaderView.swift */; };
		5B94966E2A860EAF002ED2A2 /* BoxOfficeViewModel.swift in Sources */ = {isa = PBXBuildFile; fileRef = 5B94966D2A860EAF002ED2A2 /* BoxOfficeViewModel.swift */; };
		5B9496702A89EBB6002ED2A2 /* KoreaBoxOfficeListCell.swift in Sources */ = {isa = PBXBuildFile; fileRef = 5B94966F2A89EBB6002ED2A2 /* KoreaBoxOfficeListCell.swift */; };
		5B9496722A89F98F002ED2A2 /* BoxOfficeSection.swift in Sources */ = {isa = PBXBuildFile; fileRef = 5B9496712A89F98F002ED2A2 /* BoxOfficeSection.swift */; };
		5B94967C2A8A20E7002ED2A2 /* DetailEntityWrapper.swift in Sources */ = {isa = PBXBuildFile; fileRef = 5B94967B2A8A20E7002ED2A2 /* DetailEntityWrapper.swift */; };
		5B94967E2A8B44CE002ED2A2 /* StandardNationList.swift in Sources */ = {isa = PBXBuildFile; fileRef = 5B94967D2A8B44CE002ED2A2 /* StandardNationList.swift */; };
		5B98C61D2A174001004C099F /* KoreaBoxOfficeList.swift in Sources */ = {isa = PBXBuildFile; fileRef = 5B98C61C2A174001004C099F /* KoreaBoxOfficeList.swift */; };
		5B9D270A2A20ADCA00E9C9C0 /* DataLoadError.swift in Sources */ = {isa = PBXBuildFile; fileRef = 5B9D27092A20ADCA00E9C9C0 /* DataLoadError.swift */; };
		5B9D270F2A20C18200E9C9C0 /* HomeViewModelInError.swift in Sources */ = {isa = PBXBuildFile; fileRef = 5B9D270E2A20C18200E9C9C0 /* HomeViewModelInError.swift */; };
		5BC16D5E2A1B5D6400B7F3BA /* Selector.swift in Sources */ = {isa = PBXBuildFile; fileRef = 5BC16D5D2A1B5D6400B7F3BA /* Selector.swift */; };
		5BC16D602A1B5D7D00B7F3BA /* Converter.swift in Sources */ = {isa = PBXBuildFile; fileRef = 5BC16D5F2A1B5D7D00B7F3BA /* Converter.swift */; };
		5BC16D622A1B5E0600B7F3BA /* Decidable.swift in Sources */ = {isa = PBXBuildFile; fileRef = 5BC16D612A1B5E0600B7F3BA /* Decidable.swift */; };
		5BC16D642A1B5E2200B7F3BA /* Convertible.swift in Sources */ = {isa = PBXBuildFile; fileRef = 5BC16D632A1B5E2200B7F3BA /* Convertible.swift */; };
		5BC16D662A1B5EF600B7F3BA /* RankView.swift in Sources */ = {isa = PBXBuildFile; fileRef = 5BC16D652A1B5EF600B7F3BA /* RankView.swift */; };
		5BC16D682A1B5F3400B7F3BA /* SummaryInfromationView.swift in Sources */ = {isa = PBXBuildFile; fileRef = 5BC16D672A1B5F3400B7F3BA /* SummaryInfromationView.swift */; };
		5BC16D6A2A1C90D200B7F3BA /* TrendMovie.swift in Sources */ = {isa = PBXBuildFile; fileRef = 5BC16D692A1C90D200B7F3BA /* TrendMovie.swift */; };
		5BC16D6F2A1C923000B7F3BA /* HomeViewModel.swift in Sources */ = {isa = PBXBuildFile; fileRef = 5BC16D6E2A1C923000B7F3BA /* HomeViewModel.swift */; };
		5BC16D712A1CA37E00B7F3BA /* HomeSection.swift in Sources */ = {isa = PBXBuildFile; fileRef = 5BC16D702A1CA37E00B7F3BA /* HomeSection.swift */; };
		5BCAA1112A23219A00189C9D /* MovieDetailViewLayout.swift in Sources */ = {isa = PBXBuildFile; fileRef = 5BCAA1102A23219A00189C9D /* MovieDetailViewLayout.swift */; };
		5BCAA1142A23245400189C9D /* MovieDetailInformationCell.swift in Sources */ = {isa = PBXBuildFile; fileRef = 5BCAA1132A23245400189C9D /* MovieDetailInformationCell.swift */; };
		5BCAA1562A2354DD00189C9D /* MovieSummaryInfo.swift in Sources */ = {isa = PBXBuildFile; fileRef = 5BCAA1552A2354DD00189C9D /* MovieSummaryInfo.swift */; };
		5BDA15C42A2260CF00F95347 /* MovieDetailViewController.swift in Sources */ = {isa = PBXBuildFile; fileRef = 5BDA15C32A2260CF00F95347 /* MovieDetailViewController.swift */; };
		5BED9EED2A18C36200C66386 /* TMDBTrendMovieList.swift in Sources */ = {isa = PBXBuildFile; fileRef = 5BED9EEC2A18C36200C66386 /* TMDBTrendMovieList.swift */; };
		5BED9EF12A18C6BD00C66386 /* TMDBQueryParameters.swift in Sources */ = {isa = PBXBuildFile; fileRef = 5BED9EF02A18C6BD00C66386 /* TMDBQueryParameters.swift */; };
/* End PBXBuildFile section */

/* Begin PBXContainerItemProxy section */
		5B3F1C002A146EAE0062BE99 /* PBXContainerItemProxy */ = {
			isa = PBXContainerItemProxy;
			containerPortal = 5B3F1BE12A146EAC0062BE99 /* Project object */;
			proxyType = 1;
			remoteGlobalIDString = 5B3F1BE82A146EAC0062BE99;
			remoteInfo = MovieApp;
		};
		5B3F1C0A2A146EAE0062BE99 /* PBXContainerItemProxy */ = {
			isa = PBXContainerItemProxy;
			containerPortal = 5B3F1BE12A146EAC0062BE99 /* Project object */;
			proxyType = 1;
			remoteGlobalIDString = 5B3F1BE82A146EAC0062BE99;
			remoteInfo = MovieApp;
		};
/* End PBXContainerItemProxy section */

/* Begin PBXFileReference section */
		5B09D9FD2A25C962001121D6 /* MovieInformation.swift */ = {isa = PBXFileReference; lastKnownFileType = sourcecode.swift; path = MovieInformation.swift; sourceTree = "<group>"; };
		5B09D9FF2A25C96B001121D6 /* MovieCast.swift */ = {isa = PBXFileReference; lastKnownFileType = sourcecode.swift; path = MovieCast.swift; sourceTree = "<group>"; };
		5B09DA012A25CC62001121D6 /* TMDBMovieCredit.swift */ = {isa = PBXFileReference; lastKnownFileType = sourcecode.swift; path = TMDBMovieCredit.swift; sourceTree = "<group>"; };
		5B208E7B2AA71D4B00E3A09F /* NetworkManager.swift */ = {isa = PBXFileReference; lastKnownFileType = sourcecode.swift; path = NetworkManager.swift; sourceTree = "<group>"; };
		5B208E7E2AA71F2400E3A09F /* APIKEYType.swift */ = {isa = PBXFileReference; lastKnownFileType = sourcecode.swift; path = APIKEYType.swift; sourceTree = "<group>"; };
		5B208E802AA71F9C00E3A09F /* MakeURL.swift */ = {isa = PBXFileReference; lastKnownFileType = sourcecode.swift; path = MakeURL.swift; sourceTree = "<group>"; };
		5B208E832AA76D8B00E3A09F /* ViewModel.swift */ = {isa = PBXFileReference; lastKnownFileType = sourcecode.swift; path = ViewModel.swift; sourceTree = "<group>"; };
		5B208E862AB0380900E3A09F /* NavigationView.swift */ = {isa = PBXFileReference; lastKnownFileType = sourcecode.swift; path = NavigationView.swift; sourceTree = "<group>"; };
		5B208E892AB0560300E3A09F /* BarItem.swift */ = {isa = PBXFileReference; lastKnownFileType = sourcecode.swift; path = BarItem.swift; sourceTree = "<group>"; };
		5B208E8B2AB0561800E3A09F /* NavigationViewDelegate.swift */ = {isa = PBXFileReference; lastKnownFileType = sourcecode.swift; path = NavigationViewDelegate.swift; sourceTree = "<group>"; };
		5B3F1BE92A146EAC0062BE99 /* MovieApp.app */ = {isa = PBXFileReference; explicitFileType = wrapper.application; includeInIndex = 0; path = MovieApp.app; sourceTree = BUILT_PRODUCTS_DIR; };
		5B3F1BEC2A146EAC0062BE99 /* AppDelegate.swift */ = {isa = PBXFileReference; lastKnownFileType = sourcecode.swift; path = AppDelegate.swift; sourceTree = "<group>"; };
		5B3F1BEE2A146EAC0062BE99 /* SceneDelegate.swift */ = {isa = PBXFileReference; lastKnownFileType = sourcecode.swift; path = SceneDelegate.swift; sourceTree = "<group>"; };
		5B3F1BF02A146EAC0062BE99 /* HomeViewController.swift */ = {isa = PBXFileReference; lastKnownFileType = sourcecode.swift; path = HomeViewController.swift; sourceTree = "<group>"; };
		5B3F1BF32A146EAC0062BE99 /* Base */ = {isa = PBXFileReference; lastKnownFileType = file.storyboard; name = Base; path = Base.lproj/Main.storyboard; sourceTree = "<group>"; };
		5B3F1BF52A146EAE0062BE99 /* Assets.xcassets */ = {isa = PBXFileReference; lastKnownFileType = folder.assetcatalog; path = Assets.xcassets; sourceTree = "<group>"; };
		5B3F1BF82A146EAE0062BE99 /* Base */ = {isa = PBXFileReference; lastKnownFileType = file.storyboard; name = Base; path = Base.lproj/LaunchScreen.storyboard; sourceTree = "<group>"; };
		5B3F1BFA2A146EAE0062BE99 /* Info.plist */ = {isa = PBXFileReference; lastKnownFileType = text.plist.xml; path = Info.plist; sourceTree = "<group>"; };
		5B3F1BFF2A146EAE0062BE99 /* MovieAppTests.xctest */ = {isa = PBXFileReference; explicitFileType = wrapper.cfbundle; includeInIndex = 0; path = MovieAppTests.xctest; sourceTree = BUILT_PRODUCTS_DIR; };
		5B3F1C032A146EAE0062BE99 /* MovieAppTests.swift */ = {isa = PBXFileReference; lastKnownFileType = sourcecode.swift; path = MovieAppTests.swift; sourceTree = "<group>"; };
		5B3F1C092A146EAE0062BE99 /* MovieAppUITests.xctest */ = {isa = PBXFileReference; explicitFileType = wrapper.cfbundle; includeInIndex = 0; path = MovieAppUITests.xctest; sourceTree = BUILT_PRODUCTS_DIR; };
		5B3F1C0D2A146EAE0062BE99 /* MovieAppUITests.swift */ = {isa = PBXFileReference; lastKnownFileType = sourcecode.swift; path = MovieAppUITests.swift; sourceTree = "<group>"; };
		5B3F1C0F2A146EAE0062BE99 /* MovieAppUITestsLaunchTests.swift */ = {isa = PBXFileReference; lastKnownFileType = sourcecode.swift; path = MovieAppUITestsLaunchTests.swift; sourceTree = "<group>"; };
		5B3F1C332A1489710062BE99 /* BoxOfficeQueryParameters.swift */ = {isa = PBXFileReference; lastKnownFileType = sourcecode.swift; path = BoxOfficeQueryParameters.swift; sourceTree = "<group>"; };
		5B3F1C352A1489A10062BE99 /* MovieDetailQueryParameters.swift */ = {isa = PBXFileReference; lastKnownFileType = sourcecode.swift; path = MovieDetailQueryParameters.swift; sourceTree = "<group>"; };
		5B3F1C392A148AFF0062BE99 /* BoxOffice.swift */ = {isa = PBXFileReference; lastKnownFileType = sourcecode.swift; path = BoxOffice.swift; sourceTree = "<group>"; };
		5B3F1C402A148B6D0062BE99 /* Actor.swift */ = {isa = PBXFileReference; lastKnownFileType = sourcecode.swift; path = Actor.swift; sourceTree = "<group>"; };
		5B3F1C422A148B750062BE99 /* Audit.swift */ = {isa = PBXFileReference; lastKnownFileType = sourcecode.swift; path = Audit.swift; sourceTree = "<group>"; };
		5B3F1C442A148B810062BE99 /* Company.swift */ = {isa = PBXFileReference; lastKnownFileType = sourcecode.swift; path = Company.swift; sourceTree = "<group>"; };
		5B3F1C462A148B880062BE99 /* Director.swift */ = {isa = PBXFileReference; lastKnownFileType = sourcecode.swift; path = Director.swift; sourceTree = "<group>"; };
		5B3F1C482A148B8E0062BE99 /* Genre.swift */ = {isa = PBXFileReference; lastKnownFileType = sourcecode.swift; path = Genre.swift; sourceTree = "<group>"; };
		5B3F1C4A2A148B950062BE99 /* Nation.swift */ = {isa = PBXFileReference; lastKnownFileType = sourcecode.swift; path = Nation.swift; sourceTree = "<group>"; };
		5B3F1C4C2A148B9B0062BE99 /* ShowType.swift */ = {isa = PBXFileReference; lastKnownFileType = sourcecode.swift; path = ShowType.swift; sourceTree = "<group>"; };
		5B3F1C4E2A148BA20062BE99 /* Staff.swift */ = {isa = PBXFileReference; lastKnownFileType = sourcecode.swift; path = Staff.swift; sourceTree = "<group>"; };
		5B3F1C502A148BFC0062BE99 /* MovieInfo.swift */ = {isa = PBXFileReference; lastKnownFileType = sourcecode.swift; path = MovieInfo.swift; sourceTree = "<group>"; };
		5B3F1C522A148C040062BE99 /* MovieInfoResult.swift */ = {isa = PBXFileReference; lastKnownFileType = sourcecode.swift; path = MovieInfoResult.swift; sourceTree = "<group>"; };
		5B3F1C542A148C0F0062BE99 /* MovieDetailInformation.swift */ = {isa = PBXFileReference; lastKnownFileType = sourcecode.swift; path = MovieDetailInformation.swift; sourceTree = "<group>"; };
		5B3F1C6B2A14977D0062BE99 /* Gettable.swift */ = {isa = PBXFileReference; lastKnownFileType = sourcecode.swift; path = Gettable.swift; sourceTree = "<group>"; };
		5B3F1C6D2A1497A00062BE99 /* MagicLiteral.swift */ = {isa = PBXFileReference; lastKnownFileType = sourcecode.swift; path = MagicLiteral.swift; sourceTree = "<group>"; };
		5B3F1C732A14C8730062BE99 /* HomeHeaderView.swift */ = {isa = PBXFileReference; lastKnownFileType = sourcecode.swift; path = HomeHeaderView.swift; sourceTree = "<group>"; };
		5B3F1C752A14C8DD0062BE99 /* TrendMovieListCell.swift */ = {isa = PBXFileReference; lastKnownFileType = sourcecode.swift; path = TrendMovieListCell.swift; sourceTree = "<group>"; };
		5B3F1C792A14EC540062BE99 /* MagicNumber.swift */ = {isa = PBXFileReference; lastKnownFileType = sourcecode.swift; path = MagicNumber.swift; sourceTree = "<group>"; };
		5B3F1C7C2A14EE140062BE99 /* HomeViewLayout.swift */ = {isa = PBXFileReference; lastKnownFileType = sourcecode.swift; path = HomeViewLayout.swift; sourceTree = "<group>"; };
		5B591BD02A1D052C0079CAC0 /* ReusableCell.swift */ = {isa = PBXFileReference; lastKnownFileType = sourcecode.swift; path = ReusableCell.swift; sourceTree = "<group>"; };
		5B6620992A26065000107022 /* DetailViewModel.swift */ = {isa = PBXFileReference; lastKnownFileType = sourcecode.swift; path = DetailViewModel.swift; sourceTree = "<group>"; };
		5B66209C2A260A0700107022 /* DetailViewModelInError.swift */ = {isa = PBXFileReference; lastKnownFileType = sourcecode.swift; path = DetailViewModelInError.swift; sourceTree = "<group>"; };
		5B66209F2A2619E300107022 /* Uniquable.swift */ = {isa = PBXFileReference; lastKnownFileType = sourcecode.swift; path = Uniquable.swift; sourceTree = "<group>"; };
		5B74F07D2A23602400AD4A73 /* DetailHeaderView.swift */ = {isa = PBXFileReference; lastKnownFileType = sourcecode.swift; path = DetailHeaderView.swift; sourceTree = "<group>"; };
		5B74F0802A23680500AD4A73 /* MovieCreditCell.swift */ = {isa = PBXFileReference; lastKnownFileType = sourcecode.swift; path = MovieCreditCell.swift; sourceTree = "<group>"; };
		5B74F0822A236EDB00AD4A73 /* AudienceCountCell.swift */ = {isa = PBXFileReference; lastKnownFileType = sourcecode.swift; path = AudienceCountCell.swift; sourceTree = "<group>"; };
		5B74F0842A236FC800AD4A73 /* DetailSectionList.swift */ = {isa = PBXFileReference; lastKnownFileType = sourcecode.swift; path = DetailSectionList.swift; sourceTree = "<group>"; };
		5B74F0892A23913800AD4A73 /* TMDBMovieDetail.swift */ = {isa = PBXFileReference; lastKnownFileType = sourcecode.swift; path = TMDBMovieDetail.swift; sourceTree = "<group>"; };
		5B8C08D52A24D6ED000CC4F7 /* DetailFooterView.swift */ = {isa = PBXFileReference; lastKnownFileType = sourcecode.swift; path = DetailFooterView.swift; sourceTree = "<group>"; };
		5B9496612A84ACEA002ED2A2 /* BoxOfficeViewController.swift */ = {isa = PBXFileReference; lastKnownFileType = sourcecode.swift; path = BoxOfficeViewController.swift; sourceTree = "<group>"; };
		5B9496632A84AD1D002ED2A2 /* ProfileViewController.swift */ = {isa = PBXFileReference; lastKnownFileType = sourcecode.swift; path = ProfileViewController.swift; sourceTree = "<group>"; };
		5B9496672A85F8B9002ED2A2 /* BoxOfficeHeaderView.swift */ = {isa = PBXFileReference; lastKnownFileType = sourcecode.swift; path = BoxOfficeHeaderView.swift; sourceTree = "<group>"; };
		5B94966D2A860EAF002ED2A2 /* BoxOfficeViewModel.swift */ = {isa = PBXFileReference; lastKnownFileType = sourcecode.swift; path = BoxOfficeViewModel.swift; sourceTree = "<group>"; };
		5B94966F2A89EBB6002ED2A2 /* KoreaBoxOfficeListCell.swift */ = {isa = PBXFileReference; fileEncoding = 4; lastKnownFileType = sourcecode.swift; path = KoreaBoxOfficeListCell.swift; sourceTree = "<group>"; };
		5B9496712A89F98F002ED2A2 /* BoxOfficeSection.swift */ = {isa = PBXFileReference; lastKnownFileType = sourcecode.swift; path = BoxOfficeSection.swift; sourceTree = "<group>"; };
		5B94967B2A8A20E7002ED2A2 /* DetailEntityWrapper.swift */ = {isa = PBXFileReference; lastKnownFileType = sourcecode.swift; path = DetailEntityWrapper.swift; sourceTree = "<group>"; };
		5B94967D2A8B44CE002ED2A2 /* StandardNationList.swift */ = {isa = PBXFileReference; lastKnownFileType = sourcecode.swift; path = StandardNationList.swift; sourceTree = "<group>"; };
		5B98C61C2A174001004C099F /* KoreaBoxOfficeList.swift */ = {isa = PBXFileReference; lastKnownFileType = sourcecode.swift; path = KoreaBoxOfficeList.swift; sourceTree = "<group>"; };
		5B9D27092A20ADCA00E9C9C0 /* DataLoadError.swift */ = {isa = PBXFileReference; lastKnownFileType = sourcecode.swift; path = DataLoadError.swift; sourceTree = "<group>"; };
		5B9D270E2A20C18200E9C9C0 /* HomeViewModelInError.swift */ = {isa = PBXFileReference; lastKnownFileType = sourcecode.swift; path = HomeViewModelInError.swift; sourceTree = "<group>"; };
		5BC16D5D2A1B5D6400B7F3BA /* Selector.swift */ = {isa = PBXFileReference; lastKnownFileType = sourcecode.swift; path = Selector.swift; sourceTree = "<group>"; };
		5BC16D5F2A1B5D7D00B7F3BA /* Converter.swift */ = {isa = PBXFileReference; lastKnownFileType = sourcecode.swift; path = Converter.swift; sourceTree = "<group>"; };
		5BC16D612A1B5E0600B7F3BA /* Decidable.swift */ = {isa = PBXFileReference; lastKnownFileType = sourcecode.swift; path = Decidable.swift; sourceTree = "<group>"; };
		5BC16D632A1B5E2200B7F3BA /* Convertible.swift */ = {isa = PBXFileReference; lastKnownFileType = sourcecode.swift; path = Convertible.swift; sourceTree = "<group>"; };
		5BC16D652A1B5EF600B7F3BA /* RankView.swift */ = {isa = PBXFileReference; lastKnownFileType = sourcecode.swift; path = RankView.swift; sourceTree = "<group>"; };
		5BC16D672A1B5F3400B7F3BA /* SummaryInfromationView.swift */ = {isa = PBXFileReference; lastKnownFileType = sourcecode.swift; path = SummaryInfromationView.swift; sourceTree = "<group>"; };
		5BC16D692A1C90D200B7F3BA /* TrendMovie.swift */ = {isa = PBXFileReference; lastKnownFileType = sourcecode.swift; path = TrendMovie.swift; sourceTree = "<group>"; };
		5BC16D6E2A1C923000B7F3BA /* HomeViewModel.swift */ = {isa = PBXFileReference; lastKnownFileType = sourcecode.swift; path = HomeViewModel.swift; sourceTree = "<group>"; };
		5BC16D702A1CA37E00B7F3BA /* HomeSection.swift */ = {isa = PBXFileReference; lastKnownFileType = sourcecode.swift; path = HomeSection.swift; sourceTree = "<group>"; };
		5BCAA1102A23219A00189C9D /* MovieDetailViewLayout.swift */ = {isa = PBXFileReference; lastKnownFileType = sourcecode.swift; path = MovieDetailViewLayout.swift; sourceTree = "<group>"; };
		5BCAA1132A23245400189C9D /* MovieDetailInformationCell.swift */ = {isa = PBXFileReference; lastKnownFileType = sourcecode.swift; path = MovieDetailInformationCell.swift; sourceTree = "<group>"; };
		5BCAA1552A2354DD00189C9D /* MovieSummaryInfo.swift */ = {isa = PBXFileReference; lastKnownFileType = sourcecode.swift; path = MovieSummaryInfo.swift; sourceTree = "<group>"; };
		5BDA15C32A2260CF00F95347 /* MovieDetailViewController.swift */ = {isa = PBXFileReference; lastKnownFileType = sourcecode.swift; path = MovieDetailViewController.swift; sourceTree = "<group>"; };
		5BED9EEC2A18C36200C66386 /* TMDBTrendMovieList.swift */ = {isa = PBXFileReference; lastKnownFileType = sourcecode.swift; path = TMDBTrendMovieList.swift; sourceTree = "<group>"; };
		5BED9EF02A18C6BD00C66386 /* TMDBQueryParameters.swift */ = {isa = PBXFileReference; lastKnownFileType = sourcecode.swift; path = TMDBQueryParameters.swift; sourceTree = "<group>"; };
		5BF21BA22A1A07A0006B0EA4 /* APIKEYS.xcconfig */ = {isa = PBXFileReference; lastKnownFileType = text.xcconfig; path = APIKEYS.xcconfig; sourceTree = "<group>"; };
/* End PBXFileReference section */

/* Begin PBXFrameworksBuildPhase section */
		5B3F1BE62A146EAC0062BE99 /* Frameworks */ = {
			isa = PBXFrameworksBuildPhase;
			buildActionMask = 2147483647;
			files = (
				5B208E762AA700B400E3A09F /* RxCocoa in Frameworks */,
				5B3F1C692A1495100062BE99 /* Alamofire in Frameworks */,
				5B208E7A2AA700B400E3A09F /* RxSwift in Frameworks */,
				5B208E782AA700B400E3A09F /* RxRelay in Frameworks */,
				5B208E732AA7008900E3A09F /* SnapKit in Frameworks */,
			);
			runOnlyForDeploymentPostprocessing = 0;
		};
		5B3F1BFC2A146EAE0062BE99 /* Frameworks */ = {
			isa = PBXFrameworksBuildPhase;
			buildActionMask = 2147483647;
			files = (
			);
			runOnlyForDeploymentPostprocessing = 0;
		};
		5B3F1C062A146EAE0062BE99 /* Frameworks */ = {
			isa = PBXFrameworksBuildPhase;
			buildActionMask = 2147483647;
			files = (
			);
			runOnlyForDeploymentPostprocessing = 0;
		};
/* End PBXFrameworksBuildPhase section */

/* Begin PBXGroup section */
		5B06AEA62A31C7EC00EEEEAC /* Concrete */ = {
			isa = PBXGroup;
			children = (
				5BC16D6E2A1C923000B7F3BA /* HomeViewModel.swift */,
				5B6620992A26065000107022 /* DetailViewModel.swift */,
				5B94966D2A860EAF002ED2A2 /* BoxOfficeViewModel.swift */,
			);
			path = Concrete;
			sourceTree = "<group>";
		};
		5B09D9FC2A25C94D001121D6 /* MovieDetailEntity */ = {
			isa = PBXGroup;
			children = (
				5B09D9FD2A25C962001121D6 /* MovieInformation.swift */,
				5B09D9FF2A25C96B001121D6 /* MovieCast.swift */,
			);
			path = MovieDetailEntity;
			sourceTree = "<group>";
		};
		5B09DA052A25D652001121D6 /* Service */ = {
			isa = PBXGroup;
			children = (
				5B208E7B2AA71D4B00E3A09F /* NetworkManager.swift */,
			);
			path = Service;
			sourceTree = "<group>";
		};
		5B208E7D2AA71EFE00E3A09F /* Helper */ = {
			isa = PBXGroup;
			children = (
				5B208E7E2AA71F2400E3A09F /* APIKEYType.swift */,
				5B208E802AA71F9C00E3A09F /* MakeURL.swift */,
			);
			path = Helper;
			sourceTree = "<group>";
		};
		5B208E822AA76D7E00E3A09F /* Interface */ = {
			isa = PBXGroup;
			children = (
				5B208E832AA76D8B00E3A09F /* ViewModel.swift */,
			);
			path = Interface;
			sourceTree = "<group>";
		};
		5B208E852AB037F900E3A09F /* CommonUI */ = {
			isa = PBXGroup;
			children = (
				5B208E882AB055F000E3A09F /* Interface */,
				5B208E862AB0380900E3A09F /* NavigationView.swift */,
			);
			path = CommonUI;
			sourceTree = "<group>";
		};
		5B208E882AB055F000E3A09F /* Interface */ = {
			isa = PBXGroup;
			children = (
				5B208E892AB0560300E3A09F /* BarItem.swift */,
				5B208E8B2AB0561800E3A09F /* NavigationViewDelegate.swift */,
			);
			path = Interface;
			sourceTree = "<group>";
		};
		5B3F1BE02A146EAC0062BE99 = {
			isa = PBXGroup;
			children = (
				5B3F1BEB2A146EAC0062BE99 /* MovieApp */,
				5B3F1C022A146EAE0062BE99 /* MovieAppTests */,
				5B3F1C0C2A146EAE0062BE99 /* MovieAppUITests */,
				5B3F1BEA2A146EAC0062BE99 /* Products */,
			);
			sourceTree = "<group>";
		};
		5B3F1BEA2A146EAC0062BE99 /* Products */ = {
			isa = PBXGroup;
			children = (
				5B3F1BE92A146EAC0062BE99 /* MovieApp.app */,
				5B3F1BFF2A146EAE0062BE99 /* MovieAppTests.xctest */,
				5B3F1C092A146EAE0062BE99 /* MovieAppUITests.xctest */,
			);
			name = Products;
			sourceTree = "<group>";
		};
		5B3F1BEB2A146EAC0062BE99 /* MovieApp */ = {
			isa = PBXGroup;
			children = (
				5B3F1C1F2A14731D0062BE99 /* Presentation */,
				5B3F1C202A14772A0062BE99 /* Domain */,
				5B3F1C212A1477330062BE99 /* Data */,
				5B3F1C1E2A1473120062BE99 /* AppEnvironment */,
				5B3F1C1D2A1472FB0062BE99 /* AppConfiguration */,
			);
			path = MovieApp;
			sourceTree = "<group>";
		};
		5B3F1C022A146EAE0062BE99 /* MovieAppTests */ = {
			isa = PBXGroup;
			children = (
				5B3F1C032A146EAE0062BE99 /* MovieAppTests.swift */,
			);
			path = MovieAppTests;
			sourceTree = "<group>";
		};
		5B3F1C0C2A146EAE0062BE99 /* MovieAppUITests */ = {
			isa = PBXGroup;
			children = (
				5B3F1C0D2A146EAE0062BE99 /* MovieAppUITests.swift */,
				5B3F1C0F2A146EAE0062BE99 /* MovieAppUITestsLaunchTests.swift */,
			);
			path = MovieAppUITests;
			sourceTree = "<group>";
		};
		5B3F1C1C2A1472EE0062BE99 /* View */ = {
			isa = PBXGroup;
			children = (
				5BCAA1152A23257300189C9D /* Storyboard */,
				5BCAA1162A23257E00189C9D /* Home */,
				5B74F07F2A2364E300AD4A73 /* Detail */,
			);
			path = View;
			sourceTree = "<group>";
		};
		5B3F1C1D2A1472FB0062BE99 /* AppConfiguration */ = {
			isa = PBXGroup;
			children = (
				5B3F1BF52A146EAE0062BE99 /* Assets.xcassets */,
				5B3F1BFA2A146EAE0062BE99 /* Info.plist */,
				5BF21BA22A1A07A0006B0EA4 /* APIKEYS.xcconfig */,
			);
			path = AppConfiguration;
			sourceTree = "<group>";
		};
		5B3F1C1E2A1473120062BE99 /* AppEnvironment */ = {
			isa = PBXGroup;
			children = (
				5B3F1BEC2A146EAC0062BE99 /* AppDelegate.swift */,
				5B3F1BEE2A146EAC0062BE99 /* SceneDelegate.swift */,
			);
			path = AppEnvironment;
			sourceTree = "<group>";
		};
		5B3F1C1F2A14731D0062BE99 /* Presentation */ = {
			isa = PBXGroup;
			children = (
				5B208E852AB037F900E3A09F /* CommonUI */,
				5B74F07C2A235FD500AD4A73 /* Controller */,
				5B9D270B2A20AF7200E9C9C0 /* SupplementaryView */,
				5B3F1C7B2A14EE040062BE99 /* CellLayout */,
				5B3F1C722A14C82F0062BE99 /* Cells */,
				5BC16D6D2A1C922100B7F3BA /* ViewModel */,
				5B3F1C1C2A1472EE0062BE99 /* View */,
			);
			path = Presentation;
			sourceTree = "<group>";
		};
		5B3F1C202A14772A0062BE99 /* Domain */ = {
			isa = PBXGroup;
			children = (
				5B74F0882A23809000AD4A73 /* HomeEntity */,
				5B09D9FC2A25C94D001121D6 /* MovieDetailEntity */,
				5B3F1C6A2A1497700062BE99 /* Interface */,
				5B3F1C6F2A1497F50062BE99 /* Helper */,
				5B98C61E2A174011004C099F /* RawValues */,
			);
			path = Domain;
			sourceTree = "<group>";
		};
		5B3F1C212A1477330062BE99 /* Data */ = {
			isa = PBXGroup;
			children = (
				5B3F1C222A14774D0062BE99 /* DataStructure */,
				5B3F1C232A14775A0062BE99 /* Network */,
			);
			path = Data;
			sourceTree = "<group>";
		};
		5B3F1C222A14774D0062BE99 /* DataStructure */ = {
			isa = PBXGroup;
			children = (
				5B3F1C312A14894D0062BE99 /* Request */,
				5B3F1C322A1489540062BE99 /* Response */,
			);
			path = DataStructure;
			sourceTree = "<group>";
		};
		5B3F1C232A14775A0062BE99 /* Network */ = {
			isa = PBXGroup;
			children = (
				5B208E7D2AA71EFE00E3A09F /* Helper */,
				5B9D27082A20AD9700E9C9C0 /* Error */,
				5B09DA052A25D652001121D6 /* Service */,
			);
			path = Network;
			sourceTree = "<group>";
		};
		5B3F1C312A14894D0062BE99 /* Request */ = {
			isa = PBXGroup;
			children = (
				5BED9EEF2A18C69300C66386 /* TVDB */,
				5BED9EEE2A18C64700C66386 /* KOFIC */,
			);
			path = Request;
			sourceTree = "<group>";
		};
		5B3F1C322A1489540062BE99 /* Response */ = {
			isa = PBXGroup;
			children = (
				5BED9EEB2A18C32E00C66386 /* TMDB */,
				5B3F1C372A148AD50062BE99 /* BoxOffice */,
				5B3F1C382A148ADF0062BE99 /* MovieDetailInformation */,
			);
			path = Response;
			sourceTree = "<group>";
		};
		5B3F1C372A148AD50062BE99 /* BoxOffice */ = {
			isa = PBXGroup;
			children = (
				5B3F1C392A148AFF0062BE99 /* BoxOffice.swift */,
			);
			path = BoxOffice;
			sourceTree = "<group>";
		};
		5B3F1C382A148ADF0062BE99 /* MovieDetailInformation */ = {
			isa = PBXGroup;
			children = (
				5B3F1C542A148C0F0062BE99 /* MovieDetailInformation.swift */,
				5B3F1C522A148C040062BE99 /* MovieInfoResult.swift */,
				5B3F1C502A148BFC0062BE99 /* MovieInfo.swift */,
				5B3F1C3F2A148B5A0062BE99 /* SubClassification */,
			);
			path = MovieDetailInformation;
			sourceTree = "<group>";
		};
		5B3F1C3F2A148B5A0062BE99 /* SubClassification */ = {
			isa = PBXGroup;
			children = (
				5B3F1C402A148B6D0062BE99 /* Actor.swift */,
				5B3F1C422A148B750062BE99 /* Audit.swift */,
				5B3F1C442A148B810062BE99 /* Company.swift */,
				5B3F1C462A148B880062BE99 /* Director.swift */,
				5B3F1C482A148B8E0062BE99 /* Genre.swift */,
				5B3F1C4A2A148B950062BE99 /* Nation.swift */,
				5B3F1C4C2A148B9B0062BE99 /* ShowType.swift */,
				5B3F1C4E2A148BA20062BE99 /* Staff.swift */,
			);
			path = SubClassification;
			sourceTree = "<group>";
		};
		5B3F1C6A2A1497700062BE99 /* Interface */ = {
			isa = PBXGroup;
			children = (
				5B94967A2A8A20B7002ED2A2 /* Wrapper */,
				5B8C08DA2A265584000CC4F7 /* Protocol */,
			);
			path = Interface;
			sourceTree = "<group>";
		};
		5B3F1C6F2A1497F50062BE99 /* Helper */ = {
			isa = PBXGroup;
			children = (
				5BC16D5D2A1B5D6400B7F3BA /* Selector.swift */,
				5BC16D5F2A1B5D7D00B7F3BA /* Converter.swift */,
				5B94967D2A8B44CE002ED2A2 /* StandardNationList.swift */,
			);
			path = Helper;
			sourceTree = "<group>";
		};
		5B3F1C722A14C82F0062BE99 /* Cells */ = {
			isa = PBXGroup;
			children = (
				5B591BD22A1D064B0079CAC0 /* Interface */,
				5BCAA1122A23241200189C9D /* Home */,
				5B94967F2A8B772B002ED2A2 /* BoxOffice */,
				5B74F07B2A235FC200AD4A73 /* Detail */,
			);
			path = Cells;
			sourceTree = "<group>";
		};
		5B3F1C7B2A14EE040062BE99 /* CellLayout */ = {
			isa = PBXGroup;
			children = (
				5B74F0862A23701A00AD4A73 /* SectionList */,
				5B74F0872A23703400AD4A73 /* Layout */,
			);
			path = CellLayout;
			sourceTree = "<group>";
		};
		5B591BD22A1D064B0079CAC0 /* Interface */ = {
			isa = PBXGroup;
			children = (
				5B591BD02A1D052C0079CAC0 /* ReusableCell.swift */,
			);
			path = Interface;
			sourceTree = "<group>";
		};
		5B66209B2A2609E300107022 /* ErrorHandling */ = {
			isa = PBXGroup;
			children = (
				5B9D270E2A20C18200E9C9C0 /* HomeViewModelInError.swift */,
				5B66209C2A260A0700107022 /* DetailViewModelInError.swift */,
			);
			path = ErrorHandling;
			sourceTree = "<group>";
		};
		5B74F07B2A235FC200AD4A73 /* Detail */ = {
			isa = PBXGroup;
			children = (
				5BCAA1132A23245400189C9D /* MovieDetailInformationCell.swift */,
				5B74F0802A23680500AD4A73 /* MovieCreditCell.swift */,
				5B74F0822A236EDB00AD4A73 /* AudienceCountCell.swift */,
			);
			path = Detail;
			sourceTree = "<group>";
		};
		5B74F07C2A235FD500AD4A73 /* Controller */ = {
			isa = PBXGroup;
			children = (
				5B3F1BF02A146EAC0062BE99 /* HomeViewController.swift */,
				5BDA15C32A2260CF00F95347 /* MovieDetailViewController.swift */,
				5B9496612A84ACEA002ED2A2 /* BoxOfficeViewController.swift */,
				5B9496632A84AD1D002ED2A2 /* ProfileViewController.swift */,
			);
			path = Controller;
			sourceTree = "<group>";
		};
		5B74F07F2A2364E300AD4A73 /* Detail */ = {
			isa = PBXGroup;
			children = (
				5BCAA1552A2354DD00189C9D /* MovieSummaryInfo.swift */,
			);
			path = Detail;
			sourceTree = "<group>";
		};
		5B74F0862A23701A00AD4A73 /* SectionList */ = {
			isa = PBXGroup;
			children = (
				5BC16D702A1CA37E00B7F3BA /* HomeSection.swift */,
				5B74F0842A236FC800AD4A73 /* DetailSectionList.swift */,
				5B9496712A89F98F002ED2A2 /* BoxOfficeSection.swift */,
			);
			path = SectionList;
			sourceTree = "<group>";
		};
		5B74F0872A23703400AD4A73 /* Layout */ = {
			isa = PBXGroup;
			children = (
				5B3F1C7C2A14EE140062BE99 /* HomeViewLayout.swift */,
				5BCAA1102A23219A00189C9D /* MovieDetailViewLayout.swift */,
			);
			path = Layout;
			sourceTree = "<group>";
		};
		5B74F0882A23809000AD4A73 /* HomeEntity */ = {
			isa = PBXGroup;
			children = (
				5BC16D692A1C90D200B7F3BA /* TrendMovie.swift */,
				5B98C61C2A174001004C099F /* KoreaBoxOfficeList.swift */,
			);
			path = HomeEntity;
			sourceTree = "<group>";
		};
		5B8C08DA2A265584000CC4F7 /* Protocol */ = {
			isa = PBXGroup;
			children = (
				5B66209F2A2619E300107022 /* Uniquable.swift */,
				5B3F1C6B2A14977D0062BE99 /* Gettable.swift */,
				5BC16D612A1B5E0600B7F3BA /* Decidable.swift */,
				5BC16D632A1B5E2200B7F3BA /* Convertible.swift */,
			);
			path = Protocol;
			sourceTree = "<group>";
		};
		5B94967A2A8A20B7002ED2A2 /* Wrapper */ = {
			isa = PBXGroup;
			children = (
				5B94967B2A8A20E7002ED2A2 /* DetailEntityWrapper.swift */,
			);
			path = Wrapper;
			sourceTree = "<group>";
		};
		5B94967F2A8B772B002ED2A2 /* BoxOffice */ = {
			isa = PBXGroup;
			children = (
				5B94966F2A89EBB6002ED2A2 /* KoreaBoxOfficeListCell.swift */,
			);
			path = BoxOffice;
			sourceTree = "<group>";
		};
		5B98C61E2A174011004C099F /* RawValues */ = {
			isa = PBXGroup;
			children = (
				5B3F1C6D2A1497A00062BE99 /* MagicLiteral.swift */,
				5B3F1C792A14EC540062BE99 /* MagicNumber.swift */,
			);
			path = RawValues;
			sourceTree = "<group>";
		};
		5B9D27082A20AD9700E9C9C0 /* Error */ = {
			isa = PBXGroup;
			children = (
				5B9D27092A20ADCA00E9C9C0 /* DataLoadError.swift */,
			);
			path = Error;
			sourceTree = "<group>";
		};
		5B9D270B2A20AF7200E9C9C0 /* SupplementaryView */ = {
			isa = PBXGroup;
			children = (
				5B3F1C732A14C8730062BE99 /* HomeHeaderView.swift */,
				5B74F07D2A23602400AD4A73 /* DetailHeaderView.swift */,
				5B8C08D52A24D6ED000CC4F7 /* DetailFooterView.swift */,
				5B9496672A85F8B9002ED2A2 /* BoxOfficeHeaderView.swift */,
			);
			path = SupplementaryView;
			sourceTree = "<group>";
		};
		5BC16D6D2A1C922100B7F3BA /* ViewModel */ = {
			isa = PBXGroup;
			children = (
				5B66209B2A2609E300107022 /* ErrorHandling */,
				5B208E822AA76D7E00E3A09F /* Interface */,
				5B06AEA62A31C7EC00EEEEAC /* Concrete */,
			);
			path = ViewModel;
			sourceTree = "<group>";
		};
		5BCAA1122A23241200189C9D /* Home */ = {
			isa = PBXGroup;
			children = (
				5B3F1C752A14C8DD0062BE99 /* TrendMovieListCell.swift */,
			);
			path = Home;
			sourceTree = "<group>";
		};
		5BCAA1152A23257300189C9D /* Storyboard */ = {
			isa = PBXGroup;
			children = (
				5B3F1BF22A146EAC0062BE99 /* Main.storyboard */,
				5B3F1BF72A146EAE0062BE99 /* LaunchScreen.storyboard */,
			);
			path = Storyboard;
			sourceTree = "<group>";
		};
		5BCAA1162A23257E00189C9D /* Home */ = {
			isa = PBXGroup;
			children = (
				5BC16D652A1B5EF600B7F3BA /* RankView.swift */,
				5BC16D672A1B5F3400B7F3BA /* SummaryInfromationView.swift */,
			);
			path = Home;
			sourceTree = "<group>";
		};
		5BED9EEB2A18C32E00C66386 /* TMDB */ = {
			isa = PBXGroup;
			children = (
				5BED9EEC2A18C36200C66386 /* TMDBTrendMovieList.swift */,
				5B74F0892A23913800AD4A73 /* TMDBMovieDetail.swift */,
				5B09DA012A25CC62001121D6 /* TMDBMovieCredit.swift */,
			);
			path = TMDB;
			sourceTree = "<group>";
		};
		5BED9EEE2A18C64700C66386 /* KOFIC */ = {
			isa = PBXGroup;
			children = (
				5B3F1C332A1489710062BE99 /* BoxOfficeQueryParameters.swift */,
				5B3F1C352A1489A10062BE99 /* MovieDetailQueryParameters.swift */,
			);
			path = KOFIC;
			sourceTree = "<group>";
		};
		5BED9EEF2A18C69300C66386 /* TVDB */ = {
			isa = PBXGroup;
			children = (
				5BED9EF02A18C6BD00C66386 /* TMDBQueryParameters.swift */,
			);
			path = TVDB;
			sourceTree = "<group>";
		};
/* End PBXGroup section */

/* Begin PBXNativeTarget section */
		5B3F1BE82A146EAC0062BE99 /* MovieApp */ = {
			isa = PBXNativeTarget;
			buildConfigurationList = 5B3F1C132A146EAE0062BE99 /* Build configuration list for PBXNativeTarget "MovieApp" */;
			buildPhases = (
				5B3F1BE52A146EAC0062BE99 /* Sources */,
				5B3F1BE62A146EAC0062BE99 /* Frameworks */,
				5B3F1BE72A146EAC0062BE99 /* Resources */,
			);
			buildRules = (
			);
			dependencies = (
			);
			name = MovieApp;
			packageProductDependencies = (
				5B3F1C682A1495100062BE99 /* Alamofire */,
				5B208E722AA7008900E3A09F /* SnapKit */,
				5B208E752AA700B400E3A09F /* RxCocoa */,
				5B208E772AA700B400E3A09F /* RxRelay */,
				5B208E792AA700B400E3A09F /* RxSwift */,
			);
			productName = MovieApp;
			productReference = 5B3F1BE92A146EAC0062BE99 /* MovieApp.app */;
			productType = "com.apple.product-type.application";
		};
		5B3F1BFE2A146EAE0062BE99 /* MovieAppTests */ = {
			isa = PBXNativeTarget;
			buildConfigurationList = 5B3F1C162A146EAE0062BE99 /* Build configuration list for PBXNativeTarget "MovieAppTests" */;
			buildPhases = (
				5B3F1BFB2A146EAE0062BE99 /* Sources */,
				5B3F1BFC2A146EAE0062BE99 /* Frameworks */,
				5B3F1BFD2A146EAE0062BE99 /* Resources */,
			);
			buildRules = (
			);
			dependencies = (
				5B3F1C012A146EAE0062BE99 /* PBXTargetDependency */,
			);
			name = MovieAppTests;
			productName = MovieAppTests;
			productReference = 5B3F1BFF2A146EAE0062BE99 /* MovieAppTests.xctest */;
			productType = "com.apple.product-type.bundle.unit-test";
		};
		5B3F1C082A146EAE0062BE99 /* MovieAppUITests */ = {
			isa = PBXNativeTarget;
			buildConfigurationList = 5B3F1C192A146EAE0062BE99 /* Build configuration list for PBXNativeTarget "MovieAppUITests" */;
			buildPhases = (
				5B3F1C052A146EAE0062BE99 /* Sources */,
				5B3F1C062A146EAE0062BE99 /* Frameworks */,
				5B3F1C072A146EAE0062BE99 /* Resources */,
			);
			buildRules = (
			);
			dependencies = (
				5B3F1C0B2A146EAE0062BE99 /* PBXTargetDependency */,
			);
			name = MovieAppUITests;
			productName = MovieAppUITests;
			productReference = 5B3F1C092A146EAE0062BE99 /* MovieAppUITests.xctest */;
			productType = "com.apple.product-type.bundle.ui-testing";
		};
/* End PBXNativeTarget section */

/* Begin PBXProject section */
		5B3F1BE12A146EAC0062BE99 /* Project object */ = {
			isa = PBXProject;
			attributes = {
				BuildIndependentTargetsInParallel = 1;
				LastSwiftUpdateCheck = 1420;
				LastUpgradeCheck = 1420;
				TargetAttributes = {
					5B3F1BE82A146EAC0062BE99 = {
						CreatedOnToolsVersion = 14.2;
					};
					5B3F1BFE2A146EAE0062BE99 = {
						CreatedOnToolsVersion = 14.2;
						TestTargetID = 5B3F1BE82A146EAC0062BE99;
					};
					5B3F1C082A146EAE0062BE99 = {
						CreatedOnToolsVersion = 14.2;
						TestTargetID = 5B3F1BE82A146EAC0062BE99;
					};
				};
			};
			buildConfigurationList = 5B3F1BE42A146EAC0062BE99 /* Build configuration list for PBXProject "MovieApp" */;
			compatibilityVersion = "Xcode 14.0";
			developmentRegion = en;
			hasScannedForEncodings = 0;
			knownRegions = (
				en,
				Base,
			);
			mainGroup = 5B3F1BE02A146EAC0062BE99;
			packageReferences = (
				5B3F1C672A1495100062BE99 /* XCRemoteSwiftPackageReference "Alamofire" */,
				5B208E712AA7008900E3A09F /* XCRemoteSwiftPackageReference "SnapKit" */,
				5B208E742AA700B400E3A09F /* XCRemoteSwiftPackageReference "RxSwift" */,
			);
			productRefGroup = 5B3F1BEA2A146EAC0062BE99 /* Products */;
			projectDirPath = "";
			projectRoot = "";
			targets = (
				5B3F1BE82A146EAC0062BE99 /* MovieApp */,
				5B3F1BFE2A146EAE0062BE99 /* MovieAppTests */,
				5B3F1C082A146EAE0062BE99 /* MovieAppUITests */,
			);
		};
/* End PBXProject section */

/* Begin PBXResourcesBuildPhase section */
		5B3F1BE72A146EAC0062BE99 /* Resources */ = {
			isa = PBXResourcesBuildPhase;
			buildActionMask = 2147483647;
			files = (
				5B3F1BF92A146EAE0062BE99 /* LaunchScreen.storyboard in Resources */,
				5B3F1BF62A146EAE0062BE99 /* Assets.xcassets in Resources */,
				5B3F1BF42A146EAC0062BE99 /* Main.storyboard in Resources */,
			);
			runOnlyForDeploymentPostprocessing = 0;
		};
		5B3F1BFD2A146EAE0062BE99 /* Resources */ = {
			isa = PBXResourcesBuildPhase;
			buildActionMask = 2147483647;
			files = (
			);
			runOnlyForDeploymentPostprocessing = 0;
		};
		5B3F1C072A146EAE0062BE99 /* Resources */ = {
			isa = PBXResourcesBuildPhase;
			buildActionMask = 2147483647;
			files = (
			);
			runOnlyForDeploymentPostprocessing = 0;
		};
/* End PBXResourcesBuildPhase section */

/* Begin PBXSourcesBuildPhase section */
		5B3F1BE52A146EAC0062BE99 /* Sources */ = {
			isa = PBXSourcesBuildPhase;
			buildActionMask = 2147483647;
			files = (
				5B94967C2A8A20E7002ED2A2 /* DetailEntityWrapper.swift in Sources */,
				5BED9EF12A18C6BD00C66386 /* TMDBQueryParameters.swift in Sources */,
				5B3F1C342A1489710062BE99 /* BoxOfficeQueryParameters.swift in Sources */,
				5BC16D6A2A1C90D200B7F3BA /* TrendMovie.swift in Sources */,
				5BC16D602A1B5D7D00B7F3BA /* Converter.swift in Sources */,
				5B208E842AA76D8B00E3A09F /* ViewModel.swift in Sources */,
				5B9496622A84ACEA002ED2A2 /* BoxOfficeViewController.swift in Sources */,
				5B9496682A85F8B9002ED2A2 /* BoxOfficeHeaderView.swift in Sources */,
				5B3F1C762A14C8DD0062BE99 /* TrendMovieListCell.swift in Sources */,
				5B3F1C4B2A148B950062BE99 /* Nation.swift in Sources */,
				5BC16D662A1B5EF600B7F3BA /* RankView.swift in Sources */,
				5B3F1C432A148B750062BE99 /* Audit.swift in Sources */,
				5B6620A02A2619E300107022 /* Uniquable.swift in Sources */,
				5B09DA002A25C96B001121D6 /* MovieCast.swift in Sources */,
				5B74F0812A23680500AD4A73 /* MovieCreditCell.swift in Sources */,
				5BC16D5E2A1B5D6400B7F3BA /* Selector.swift in Sources */,
				5B208E812AA71F9C00E3A09F /* MakeURL.swift in Sources */,
				5BC16D6F2A1C923000B7F3BA /* HomeViewModel.swift in Sources */,
				5BC16D682A1B5F3400B7F3BA /* SummaryInfromationView.swift in Sources */,
				5BC16D712A1CA37E00B7F3BA /* HomeSection.swift in Sources */,
				5B3F1C472A148B880062BE99 /* Director.swift in Sources */,
				5BC16D642A1B5E2200B7F3BA /* Convertible.swift in Sources */,
				5B3F1C512A148BFC0062BE99 /* MovieInfo.swift in Sources */,
				5B66209A2A26065000107022 /* DetailViewModel.swift in Sources */,
				5B09DA022A25CC62001121D6 /* TMDBMovieCredit.swift in Sources */,
				5B74F07E2A23602400AD4A73 /* DetailHeaderView.swift in Sources */,
				5B3F1C412A148B6D0062BE99 /* Actor.swift in Sources */,
				5B3F1C4D2A148B9B0062BE99 /* ShowType.swift in Sources */,
				5BC16D622A1B5E0600B7F3BA /* Decidable.swift in Sources */,
				5B3F1C6E2A1497A00062BE99 /* MagicLiteral.swift in Sources */,
				5B09D9FE2A25C962001121D6 /* MovieInformation.swift in Sources */,
				5B591BD12A1D052C0079CAC0 /* ReusableCell.swift in Sources */,
				5B8C08D62A24D6ED000CC4F7 /* DetailFooterView.swift in Sources */,
				5B74F08A2A23913800AD4A73 /* TMDBMovieDetail.swift in Sources */,
				5B3F1C4F2A148BA20062BE99 /* Staff.swift in Sources */,
				5B208E7C2AA71D4B00E3A09F /* NetworkManager.swift in Sources */,
				5B9496722A89F98F002ED2A2 /* BoxOfficeSection.swift in Sources */,
				5B3F1C6C2A14977D0062BE99 /* Gettable.swift in Sources */,
				5B3F1BF12A146EAC0062BE99 /* HomeViewController.swift in Sources */,
				5B9D270A2A20ADCA00E9C9C0 /* DataLoadError.swift in Sources */,
				5B3F1C552A148C0F0062BE99 /* MovieDetailInformation.swift in Sources */,
				5B74F0852A236FC800AD4A73 /* DetailSectionList.swift in Sources */,
				5B3F1C452A148B810062BE99 /* Company.swift in Sources */,
				5BDA15C42A2260CF00F95347 /* MovieDetailViewController.swift in Sources */,
				5B9496702A89EBB6002ED2A2 /* KoreaBoxOfficeListCell.swift in Sources */,
				5B3F1C7D2A14EE140062BE99 /* HomeViewLayout.swift in Sources */,
				5B3F1C492A148B8E0062BE99 /* Genre.swift in Sources */,
				5BCAA1142A23245400189C9D /* MovieDetailInformationCell.swift in Sources */,
				5B74F0832A236EDB00AD4A73 /* AudienceCountCell.swift in Sources */,
				5B3F1C742A14C8730062BE99 /* HomeHeaderView.swift in Sources */,
				5B3F1C532A148C040062BE99 /* MovieInfoResult.swift in Sources */,
				5B3F1C362A1489A10062BE99 /* MovieDetailQueryParameters.swift in Sources */,
				5BED9EED2A18C36200C66386 /* TMDBTrendMovieList.swift in Sources */,
				5BCAA1112A23219A00189C9D /* MovieDetailViewLayout.swift in Sources */,
				5B3F1BED2A146EAC0062BE99 /* AppDelegate.swift in Sources */,
				5BCAA1562A2354DD00189C9D /* MovieSummaryInfo.swift in Sources */,
				5B208E872AB0380900E3A09F /* NavigationView.swift in Sources */,
				5B94966E2A860EAF002ED2A2 /* BoxOfficeViewModel.swift in Sources */,
				5B208E8C2AB0561800E3A09F /* NavigationViewDelegate.swift in Sources */,
				5B3F1C3A2A148AFF0062BE99 /* BoxOffice.swift in Sources */,
				5B3F1C7A2A14EC540062BE99 /* MagicNumber.swift in Sources */,
				5B208E8A2AB0560300E3A09F /* BarItem.swift in Sources */,
				5B94967E2A8B44CE002ED2A2 /* StandardNationList.swift in Sources */,
				5B3F1BEF2A146EAC0062BE99 /* SceneDelegate.swift in Sources */,
				5B98C61D2A174001004C099F /* KoreaBoxOfficeList.swift in Sources */,
				5B208E7F2AA71F2400E3A09F /* APIKEYType.swift in Sources */,
				5B9D270F2A20C18200E9C9C0 /* HomeViewModelInError.swift in Sources */,
				5B9496642A84AD1D002ED2A2 /* ProfileViewController.swift in Sources */,
				5B66209D2A260A0700107022 /* DetailViewModelInError.swift in Sources */,
			);
			runOnlyForDeploymentPostprocessing = 0;
		};
		5B3F1BFB2A146EAE0062BE99 /* Sources */ = {
			isa = PBXSourcesBuildPhase;
			buildActionMask = 2147483647;
			files = (
				5B3F1C042A146EAE0062BE99 /* MovieAppTests.swift in Sources */,
			);
			runOnlyForDeploymentPostprocessing = 0;
		};
		5B3F1C052A146EAE0062BE99 /* Sources */ = {
			isa = PBXSourcesBuildPhase;
			buildActionMask = 2147483647;
			files = (
				5B3F1C102A146EAE0062BE99 /* MovieAppUITestsLaunchTests.swift in Sources */,
				5B3F1C0E2A146EAE0062BE99 /* MovieAppUITests.swift in Sources */,
			);
			runOnlyForDeploymentPostprocessing = 0;
		};
/* End PBXSourcesBuildPhase section */

/* Begin PBXTargetDependency section */
		5B3F1C012A146EAE0062BE99 /* PBXTargetDependency */ = {
			isa = PBXTargetDependency;
			target = 5B3F1BE82A146EAC0062BE99 /* MovieApp */;
			targetProxy = 5B3F1C002A146EAE0062BE99 /* PBXContainerItemProxy */;
		};
		5B3F1C0B2A146EAE0062BE99 /* PBXTargetDependency */ = {
			isa = PBXTargetDependency;
			target = 5B3F1BE82A146EAC0062BE99 /* MovieApp */;
			targetProxy = 5B3F1C0A2A146EAE0062BE99 /* PBXContainerItemProxy */;
		};
/* End PBXTargetDependency section */

/* Begin PBXVariantGroup section */
		5B3F1BF22A146EAC0062BE99 /* Main.storyboard */ = {
			isa = PBXVariantGroup;
			children = (
				5B3F1BF32A146EAC0062BE99 /* Base */,
			);
			name = Main.storyboard;
			sourceTree = "<group>";
		};
		5B3F1BF72A146EAE0062BE99 /* LaunchScreen.storyboard */ = {
			isa = PBXVariantGroup;
			children = (
				5B3F1BF82A146EAE0062BE99 /* Base */,
			);
			name = LaunchScreen.storyboard;
			sourceTree = "<group>";
		};
/* End PBXVariantGroup section */

/* Begin XCBuildConfiguration section */
		5B3F1C112A146EAE0062BE99 /* Debug */ = {
			isa = XCBuildConfiguration;
			baseConfigurationReference = 5BF21BA22A1A07A0006B0EA4 /* APIKEYS.xcconfig */;
			buildSettings = {
				ALWAYS_SEARCH_USER_PATHS = NO;
				CLANG_ANALYZER_NONNULL = YES;
				CLANG_ANALYZER_NUMBER_OBJECT_CONVERSION = YES_AGGRESSIVE;
				CLANG_CXX_LANGUAGE_STANDARD = "gnu++20";
				CLANG_ENABLE_MODULES = YES;
				CLANG_ENABLE_OBJC_ARC = YES;
				CLANG_ENABLE_OBJC_WEAK = YES;
				CLANG_WARN_BLOCK_CAPTURE_AUTORELEASING = YES;
				CLANG_WARN_BOOL_CONVERSION = YES;
				CLANG_WARN_COMMA = YES;
				CLANG_WARN_CONSTANT_CONVERSION = YES;
				CLANG_WARN_DEPRECATED_OBJC_IMPLEMENTATIONS = YES;
				CLANG_WARN_DIRECT_OBJC_ISA_USAGE = YES_ERROR;
				CLANG_WARN_DOCUMENTATION_COMMENTS = YES;
				CLANG_WARN_EMPTY_BODY = YES;
				CLANG_WARN_ENUM_CONVERSION = YES;
				CLANG_WARN_INFINITE_RECURSION = YES;
				CLANG_WARN_INT_CONVERSION = YES;
				CLANG_WARN_NON_LITERAL_NULL_CONVERSION = YES;
				CLANG_WARN_OBJC_IMPLICIT_RETAIN_SELF = YES;
				CLANG_WARN_OBJC_LITERAL_CONVERSION = YES;
				CLANG_WARN_OBJC_ROOT_CLASS = YES_ERROR;
				CLANG_WARN_QUOTED_INCLUDE_IN_FRAMEWORK_HEADER = YES;
				CLANG_WARN_RANGE_LOOP_ANALYSIS = YES;
				CLANG_WARN_STRICT_PROTOTYPES = YES;
				CLANG_WARN_SUSPICIOUS_MOVE = YES;
				CLANG_WARN_UNGUARDED_AVAILABILITY = YES_AGGRESSIVE;
				CLANG_WARN_UNREACHABLE_CODE = YES;
				CLANG_WARN__DUPLICATE_METHOD_MATCH = YES;
				COPY_PHASE_STRIP = NO;
				DEBUG_INFORMATION_FORMAT = dwarf;
				ENABLE_STRICT_OBJC_MSGSEND = YES;
				ENABLE_TESTABILITY = YES;
				GCC_C_LANGUAGE_STANDARD = gnu11;
				GCC_DYNAMIC_NO_PIC = NO;
				GCC_NO_COMMON_BLOCKS = YES;
				GCC_OPTIMIZATION_LEVEL = 0;
				GCC_PREPROCESSOR_DEFINITIONS = (
					"DEBUG=1",
					"$(inherited)",
				);
				GCC_WARN_64_TO_32_BIT_CONVERSION = YES;
				GCC_WARN_ABOUT_RETURN_TYPE = YES_ERROR;
				GCC_WARN_UNDECLARED_SELECTOR = YES;
				GCC_WARN_UNINITIALIZED_AUTOS = YES_AGGRESSIVE;
				GCC_WARN_UNUSED_FUNCTION = YES;
				GCC_WARN_UNUSED_VARIABLE = YES;
				IPHONEOS_DEPLOYMENT_TARGET = 14.0;
				MTL_ENABLE_DEBUG_INFO = INCLUDE_SOURCE;
				MTL_FAST_MATH = YES;
				ONLY_ACTIVE_ARCH = YES;
				SDKROOT = iphoneos;
				SWIFT_ACTIVE_COMPILATION_CONDITIONS = DEBUG;
				SWIFT_OPTIMIZATION_LEVEL = "-Onone";
			};
			name = Debug;
		};
		5B3F1C122A146EAE0062BE99 /* Release */ = {
			isa = XCBuildConfiguration;
			baseConfigurationReference = 5BF21BA22A1A07A0006B0EA4 /* APIKEYS.xcconfig */;
			buildSettings = {
				ALWAYS_SEARCH_USER_PATHS = NO;
				CLANG_ANALYZER_NONNULL = YES;
				CLANG_ANALYZER_NUMBER_OBJECT_CONVERSION = YES_AGGRESSIVE;
				CLANG_CXX_LANGUAGE_STANDARD = "gnu++20";
				CLANG_ENABLE_MODULES = YES;
				CLANG_ENABLE_OBJC_ARC = YES;
				CLANG_ENABLE_OBJC_WEAK = YES;
				CLANG_WARN_BLOCK_CAPTURE_AUTORELEASING = YES;
				CLANG_WARN_BOOL_CONVERSION = YES;
				CLANG_WARN_COMMA = YES;
				CLANG_WARN_CONSTANT_CONVERSION = YES;
				CLANG_WARN_DEPRECATED_OBJC_IMPLEMENTATIONS = YES;
				CLANG_WARN_DIRECT_OBJC_ISA_USAGE = YES_ERROR;
				CLANG_WARN_DOCUMENTATION_COMMENTS = YES;
				CLANG_WARN_EMPTY_BODY = YES;
				CLANG_WARN_ENUM_CONVERSION = YES;
				CLANG_WARN_INFINITE_RECURSION = YES;
				CLANG_WARN_INT_CONVERSION = YES;
				CLANG_WARN_NON_LITERAL_NULL_CONVERSION = YES;
				CLANG_WARN_OBJC_IMPLICIT_RETAIN_SELF = YES;
				CLANG_WARN_OBJC_LITERAL_CONVERSION = YES;
				CLANG_WARN_OBJC_ROOT_CLASS = YES_ERROR;
				CLANG_WARN_QUOTED_INCLUDE_IN_FRAMEWORK_HEADER = YES;
				CLANG_WARN_RANGE_LOOP_ANALYSIS = YES;
				CLANG_WARN_STRICT_PROTOTYPES = YES;
				CLANG_WARN_SUSPICIOUS_MOVE = YES;
				CLANG_WARN_UNGUARDED_AVAILABILITY = YES_AGGRESSIVE;
				CLANG_WARN_UNREACHABLE_CODE = YES;
				CLANG_WARN__DUPLICATE_METHOD_MATCH = YES;
				COPY_PHASE_STRIP = NO;
				DEBUG_INFORMATION_FORMAT = "dwarf-with-dsym";
				ENABLE_NS_ASSERTIONS = NO;
				ENABLE_STRICT_OBJC_MSGSEND = YES;
				GCC_C_LANGUAGE_STANDARD = gnu11;
				GCC_NO_COMMON_BLOCKS = YES;
				GCC_WARN_64_TO_32_BIT_CONVERSION = YES;
				GCC_WARN_ABOUT_RETURN_TYPE = YES_ERROR;
				GCC_WARN_UNDECLARED_SELECTOR = YES;
				GCC_WARN_UNINITIALIZED_AUTOS = YES_AGGRESSIVE;
				GCC_WARN_UNUSED_FUNCTION = YES;
				GCC_WARN_UNUSED_VARIABLE = YES;
				IPHONEOS_DEPLOYMENT_TARGET = 14.0;
				MTL_ENABLE_DEBUG_INFO = NO;
				MTL_FAST_MATH = YES;
				SDKROOT = iphoneos;
				SWIFT_COMPILATION_MODE = wholemodule;
				SWIFT_OPTIMIZATION_LEVEL = "-O";
				VALIDATE_PRODUCT = YES;
			};
			name = Release;
		};
		5B3F1C142A146EAE0062BE99 /* Debug */ = {
			isa = XCBuildConfiguration;
			buildSettings = {
				ASSETCATALOG_COMPILER_APPICON_NAME = AppIcon;
				ASSETCATALOG_COMPILER_GLOBAL_ACCENT_COLOR_NAME = AccentColor;
				CODE_SIGN_STYLE = Automatic;
				CURRENT_PROJECT_VERSION = 1;
				DEVELOPMENT_TEAM = LSMZ653R3K;
				GENERATE_INFOPLIST_FILE = YES;
				INFOPLIST_FILE = MovieApp/AppConfiguration/Info.plist;
				INFOPLIST_KEY_UIApplicationSupportsIndirectInputEvents = YES;
				INFOPLIST_KEY_UILaunchStoryboardName = LaunchScreen;
				INFOPLIST_KEY_UIMainStoryboardFile = Main;
				INFOPLIST_KEY_UIStatusBarStyle = UIStatusBarStyleLightContent;
				INFOPLIST_KEY_UISupportedInterfaceOrientations_iPad = "UIInterfaceOrientationPortrait UIInterfaceOrientationPortraitUpsideDown UIInterfaceOrientationLandscapeLeft UIInterfaceOrientationLandscapeRight";
				INFOPLIST_KEY_UISupportedInterfaceOrientations_iPhone = "UIInterfaceOrientationPortrait UIInterfaceOrientationLandscapeLeft UIInterfaceOrientationLandscapeRight";
				LD_RUNPATH_SEARCH_PATHS = (
					"$(inherited)",
					"@executable_path/Frameworks",
				);
				MARKETING_VERSION = 1.0;
				PRODUCT_BUNDLE_IDENTIFIER = Jason.MovieApp;
				PRODUCT_NAME = "$(TARGET_NAME)";
				SWIFT_EMIT_LOC_STRINGS = YES;
				SWIFT_VERSION = 5.0;
				TARGETED_DEVICE_FAMILY = "1,2";
			};
			name = Debug;
		};
		5B3F1C152A146EAE0062BE99 /* Release */ = {
			isa = XCBuildConfiguration;
			buildSettings = {
				ASSETCATALOG_COMPILER_APPICON_NAME = AppIcon;
				ASSETCATALOG_COMPILER_GLOBAL_ACCENT_COLOR_NAME = AccentColor;
				CODE_SIGN_STYLE = Automatic;
				CURRENT_PROJECT_VERSION = 1;
				DEVELOPMENT_TEAM = LSMZ653R3K;
				GENERATE_INFOPLIST_FILE = YES;
				INFOPLIST_FILE = MovieApp/AppConfiguration/Info.plist;
				INFOPLIST_KEY_UIApplicationSupportsIndirectInputEvents = YES;
				INFOPLIST_KEY_UILaunchStoryboardName = LaunchScreen;
				INFOPLIST_KEY_UIMainStoryboardFile = Main;
				INFOPLIST_KEY_UIStatusBarStyle = UIStatusBarStyleLightContent;
				INFOPLIST_KEY_UISupportedInterfaceOrientations_iPad = "UIInterfaceOrientationPortrait UIInterfaceOrientationPortraitUpsideDown UIInterfaceOrientationLandscapeLeft UIInterfaceOrientationLandscapeRight";
				INFOPLIST_KEY_UISupportedInterfaceOrientations_iPhone = "UIInterfaceOrientationPortrait UIInterfaceOrientationLandscapeLeft UIInterfaceOrientationLandscapeRight";
				LD_RUNPATH_SEARCH_PATHS = (
					"$(inherited)",
					"@executable_path/Frameworks",
				);
				MARKETING_VERSION = 1.0;
				PRODUCT_BUNDLE_IDENTIFIER = Jason.MovieApp;
				PRODUCT_NAME = "$(TARGET_NAME)";
				SWIFT_EMIT_LOC_STRINGS = YES;
				SWIFT_VERSION = 5.0;
				TARGETED_DEVICE_FAMILY = "1,2";
			};
			name = Release;
		};
		5B3F1C172A146EAE0062BE99 /* Debug */ = {
			isa = XCBuildConfiguration;
			buildSettings = {
				ALWAYS_EMBED_SWIFT_STANDARD_LIBRARIES = YES;
				BUNDLE_LOADER = "$(TEST_HOST)";
				CODE_SIGN_STYLE = Automatic;
				CURRENT_PROJECT_VERSION = 1;
				DEVELOPMENT_TEAM = LSMZ653R3K;
				GENERATE_INFOPLIST_FILE = YES;
				IPHONEOS_DEPLOYMENT_TARGET = 16.2;
				MARKETING_VERSION = 1.0;
				PRODUCT_BUNDLE_IDENTIFIER = Jason.MovieAppTests;
				PRODUCT_NAME = "$(TARGET_NAME)";
				SWIFT_EMIT_LOC_STRINGS = NO;
				SWIFT_VERSION = 5.0;
				TARGETED_DEVICE_FAMILY = "1,2";
				TEST_HOST = "$(BUILT_PRODUCTS_DIR)/MovieApp.app/$(BUNDLE_EXECUTABLE_FOLDER_PATH)/MovieApp";
			};
			name = Debug;
		};
		5B3F1C182A146EAE0062BE99 /* Release */ = {
			isa = XCBuildConfiguration;
			buildSettings = {
				ALWAYS_EMBED_SWIFT_STANDARD_LIBRARIES = YES;
				BUNDLE_LOADER = "$(TEST_HOST)";
				CODE_SIGN_STYLE = Automatic;
				CURRENT_PROJECT_VERSION = 1;
				DEVELOPMENT_TEAM = LSMZ653R3K;
				GENERATE_INFOPLIST_FILE = YES;
				IPHONEOS_DEPLOYMENT_TARGET = 16.2;
				MARKETING_VERSION = 1.0;
				PRODUCT_BUNDLE_IDENTIFIER = Jason.MovieAppTests;
				PRODUCT_NAME = "$(TARGET_NAME)";
				SWIFT_EMIT_LOC_STRINGS = NO;
				SWIFT_VERSION = 5.0;
				TARGETED_DEVICE_FAMILY = "1,2";
				TEST_HOST = "$(BUILT_PRODUCTS_DIR)/MovieApp.app/$(BUNDLE_EXECUTABLE_FOLDER_PATH)/MovieApp";
			};
			name = Release;
		};
		5B3F1C1A2A146EAE0062BE99 /* Debug */ = {
			isa = XCBuildConfiguration;
			buildSettings = {
				ALWAYS_EMBED_SWIFT_STANDARD_LIBRARIES = YES;
				CODE_SIGN_STYLE = Automatic;
				CURRENT_PROJECT_VERSION = 1;
				DEVELOPMENT_TEAM = LSMZ653R3K;
				GENERATE_INFOPLIST_FILE = YES;
				MARKETING_VERSION = 1.0;
				PRODUCT_BUNDLE_IDENTIFIER = Jason.MovieAppUITests;
				PRODUCT_NAME = "$(TARGET_NAME)";
				SWIFT_EMIT_LOC_STRINGS = NO;
				SWIFT_VERSION = 5.0;
				TARGETED_DEVICE_FAMILY = "1,2";
				TEST_TARGET_NAME = MovieApp;
			};
			name = Debug;
		};
		5B3F1C1B2A146EAE0062BE99 /* Release */ = {
			isa = XCBuildConfiguration;
			buildSettings = {
				ALWAYS_EMBED_SWIFT_STANDARD_LIBRARIES = YES;
				CODE_SIGN_STYLE = Automatic;
				CURRENT_PROJECT_VERSION = 1;
				DEVELOPMENT_TEAM = LSMZ653R3K;
				GENERATE_INFOPLIST_FILE = YES;
				MARKETING_VERSION = 1.0;
				PRODUCT_BUNDLE_IDENTIFIER = Jason.MovieAppUITests;
				PRODUCT_NAME = "$(TARGET_NAME)";
				SWIFT_EMIT_LOC_STRINGS = NO;
				SWIFT_VERSION = 5.0;
				TARGETED_DEVICE_FAMILY = "1,2";
				TEST_TARGET_NAME = MovieApp;
			};
			name = Release;
		};
/* End XCBuildConfiguration section */

/* Begin XCConfigurationList section */
		5B3F1BE42A146EAC0062BE99 /* Build configuration list for PBXProject "MovieApp" */ = {
			isa = XCConfigurationList;
			buildConfigurations = (
				5B3F1C112A146EAE0062BE99 /* Debug */,
				5B3F1C122A146EAE0062BE99 /* Release */,
			);
			defaultConfigurationIsVisible = 0;
			defaultConfigurationName = Release;
		};
		5B3F1C132A146EAE0062BE99 /* Build configuration list for PBXNativeTarget "MovieApp" */ = {
			isa = XCConfigurationList;
			buildConfigurations = (
				5B3F1C142A146EAE0062BE99 /* Debug */,
				5B3F1C152A146EAE0062BE99 /* Release */,
			);
			defaultConfigurationIsVisible = 0;
			defaultConfigurationName = Release;
		};
		5B3F1C162A146EAE0062BE99 /* Build configuration list for PBXNativeTarget "MovieAppTests" */ = {
			isa = XCConfigurationList;
			buildConfigurations = (
				5B3F1C172A146EAE0062BE99 /* Debug */,
				5B3F1C182A146EAE0062BE99 /* Release */,
			);
			defaultConfigurationIsVisible = 0;
			defaultConfigurationName = Release;
		};
		5B3F1C192A146EAE0062BE99 /* Build configuration list for PBXNativeTarget "MovieAppUITests" */ = {
			isa = XCConfigurationList;
			buildConfigurations = (
				5B3F1C1A2A146EAE0062BE99 /* Debug */,
				5B3F1C1B2A146EAE0062BE99 /* Release */,
			);
			defaultConfigurationIsVisible = 0;
			defaultConfigurationName = Release;
		};
/* End XCConfigurationList section */

/* Begin XCRemoteSwiftPackageReference section */
		5B208E712AA7008900E3A09F /* XCRemoteSwiftPackageReference "SnapKit" */ = {
			isa = XCRemoteSwiftPackageReference;
			repositoryURL = "https://github.com/SnapKit/SnapKit";
			requirement = {
				kind = upToNextMajorVersion;
				minimumVersion = 5.0.0;
			};
		};
		5B208E742AA700B400E3A09F /* XCRemoteSwiftPackageReference "RxSwift" */ = {
			isa = XCRemoteSwiftPackageReference;
			repositoryURL = "https://github.com/ReactiveX/RxSwift";
			requirement = {
				kind = upToNextMajorVersion;
				minimumVersion = 6.0.0;
			};
		};
		5B3F1C672A1495100062BE99 /* XCRemoteSwiftPackageReference "Alamofire" */ = {
			isa = XCRemoteSwiftPackageReference;
			repositoryURL = "https://github.com/Alamofire/Alamofire";
			requirement = {
				kind = upToNextMajorVersion;
				minimumVersion = 5.0.0;
			};
		};
/* End XCRemoteSwiftPackageReference section */

/* Begin XCSwiftPackageProductDependency section */
		5B208E722AA7008900E3A09F /* SnapKit */ = {
			isa = XCSwiftPackageProductDependency;
			package = 5B208E712AA7008900E3A09F /* XCRemoteSwiftPackageReference "SnapKit" */;
			productName = SnapKit;
		};
		5B208E752AA700B400E3A09F /* RxCocoa */ = {
			isa = XCSwiftPackageProductDependency;
			package = 5B208E742AA700B400E3A09F /* XCRemoteSwiftPackageReference "RxSwift" */;
			productName = RxCocoa;
		};
		5B208E772AA700B400E3A09F /* RxRelay */ = {
			isa = XCSwiftPackageProductDependency;
			package = 5B208E742AA700B400E3A09F /* XCRemoteSwiftPackageReference "RxSwift" */;
			productName = RxRelay;
		};
		5B208E792AA700B400E3A09F /* RxSwift */ = {
			isa = XCSwiftPackageProductDependency;
			package = 5B208E742AA700B400E3A09F /* XCRemoteSwiftPackageReference "RxSwift" */;
			productName = RxSwift;
		};
		5B3F1C682A1495100062BE99 /* Alamofire */ = {
			isa = XCSwiftPackageProductDependency;
			package = 5B3F1C672A1495100062BE99 /* XCRemoteSwiftPackageReference "Alamofire" */;
			productName = Alamofire;
		};
/* End XCSwiftPackageProductDependency section */
	};
	rootObject = 5B3F1BE12A146EAC0062BE99 /* Project object */;
}
