// !$*UTF8*$!
{
	archiveVersion = 1;
	classes = {
	};
	objectVersion = 56;
	objects = {

/* Begin PBXBuildFile section */
		5B0C81342A1CD044004BF2D6 /* Observable.swift in Sources */ = {isa = PBXBuildFile; fileRef = 5B0C81332A1CD044004BF2D6 /* Observable.swift */; };
		5B3F1BED2A146EAC0062BE99 /* AppDelegate.swift in Sources */ = {isa = PBXBuildFile; fileRef = 5B3F1BEC2A146EAC0062BE99 /* AppDelegate.swift */; };
		5B3F1BEF2A146EAC0062BE99 /* SceneDelegate.swift in Sources */ = {isa = PBXBuildFile; fileRef = 5B3F1BEE2A146EAC0062BE99 /* SceneDelegate.swift */; };
		5B3F1BF12A146EAC0062BE99 /* HomeViewController.swift in Sources */ = {isa = PBXBuildFile; fileRef = 5B3F1BF02A146EAC0062BE99 /* HomeViewController.swift */; };
		5B3F1BF42A146EAC0062BE99 /* Main.storyboard in Resources */ = {isa = PBXBuildFile; fileRef = 5B3F1BF22A146EAC0062BE99 /* Main.storyboard */; };
		5B3F1BF62A146EAE0062BE99 /* Assets.xcassets in Resources */ = {isa = PBXBuildFile; fileRef = 5B3F1BF52A146EAE0062BE99 /* Assets.xcassets */; };
		5B3F1BF92A146EAE0062BE99 /* LaunchScreen.storyboard in Resources */ = {isa = PBXBuildFile; fileRef = 5B3F1BF72A146EAE0062BE99 /* LaunchScreen.storyboard */; };
		5B3F1C042A146EAE0062BE99 /* MovieAppTests.swift in Sources */ = {isa = PBXBuildFile; fileRef = 5B3F1C032A146EAE0062BE99 /* MovieAppTests.swift */; };
		5B3F1C0E2A146EAE0062BE99 /* MovieAppUITests.swift in Sources */ = {isa = PBXBuildFile; fileRef = 5B3F1C0D2A146EAE0062BE99 /* MovieAppUITests.swift */; };
		5B3F1C102A146EAE0062BE99 /* MovieAppUITestsLaunchTests.swift in Sources */ = {isa = PBXBuildFile; fileRef = 5B3F1C0F2A146EAE0062BE99 /* MovieAppUITestsLaunchTests.swift */; };
		5B3F1C2A2A1488930062BE99 /* KOFICBasic.swift in Sources */ = {isa = PBXBuildFile; fileRef = 5B3F1C292A1488930062BE99 /* KOFICBasic.swift */; };
		5B3F1C2C2A1488B30062BE99 /* Show.swift in Sources */ = {isa = PBXBuildFile; fileRef = 5B3F1C2B2A1488B30062BE99 /* Show.swift */; };
		5B3F1C2E2A1488D80062BE99 /* Movie.swift in Sources */ = {isa = PBXBuildFile; fileRef = 5B3F1C2D2A1488D80062BE99 /* Movie.swift */; };
		5B3F1C302A14890E0062BE99 /* KOFICAPIMagicLiteral.swift in Sources */ = {isa = PBXBuildFile; fileRef = 5B3F1C2F2A14890E0062BE99 /* KOFICAPIMagicLiteral.swift */; };
		5B3F1C342A1489710062BE99 /* BoxOfficeQueryParameters.swift in Sources */ = {isa = PBXBuildFile; fileRef = 5B3F1C332A1489710062BE99 /* BoxOfficeQueryParameters.swift */; };
		5B3F1C362A1489A10062BE99 /* MovieDetailQueryParameters.swift in Sources */ = {isa = PBXBuildFile; fileRef = 5B3F1C352A1489A10062BE99 /* MovieDetailQueryParameters.swift */; };
		5B3F1C3A2A148AFF0062BE99 /* BoxOffice.swift in Sources */ = {isa = PBXBuildFile; fileRef = 5B3F1C392A148AFF0062BE99 /* BoxOffice.swift */; };
		5B3F1C3C2A148B0B0062BE99 /* BoxOfficeResult.swift in Sources */ = {isa = PBXBuildFile; fileRef = 5B3F1C3B2A148B0B0062BE99 /* BoxOfficeResult.swift */; };
		5B3F1C3E2A148B140062BE99 /* DailyBoxOfficeList.swift in Sources */ = {isa = PBXBuildFile; fileRef = 5B3F1C3D2A148B140062BE99 /* DailyBoxOfficeList.swift */; };
		5B3F1C412A148B6D0062BE99 /* Actor.swift in Sources */ = {isa = PBXBuildFile; fileRef = 5B3F1C402A148B6D0062BE99 /* Actor.swift */; };
		5B3F1C432A148B750062BE99 /* Audit.swift in Sources */ = {isa = PBXBuildFile; fileRef = 5B3F1C422A148B750062BE99 /* Audit.swift */; };
		5B3F1C452A148B810062BE99 /* Company.swift in Sources */ = {isa = PBXBuildFile; fileRef = 5B3F1C442A148B810062BE99 /* Company.swift */; };
		5B3F1C472A148B880062BE99 /* Director.swift in Sources */ = {isa = PBXBuildFile; fileRef = 5B3F1C462A148B880062BE99 /* Director.swift */; };
		5B3F1C492A148B8E0062BE99 /* Genre.swift in Sources */ = {isa = PBXBuildFile; fileRef = 5B3F1C482A148B8E0062BE99 /* Genre.swift */; };
		5B3F1C4B2A148B950062BE99 /* Nation.swift in Sources */ = {isa = PBXBuildFile; fileRef = 5B3F1C4A2A148B950062BE99 /* Nation.swift */; };
		5B3F1C4D2A148B9B0062BE99 /* ShowType.swift in Sources */ = {isa = PBXBuildFile; fileRef = 5B3F1C4C2A148B9B0062BE99 /* ShowType.swift */; };
		5B3F1C4F2A148BA20062BE99 /* Staff.swift in Sources */ = {isa = PBXBuildFile; fileRef = 5B3F1C4E2A148BA20062BE99 /* Staff.swift */; };
		5B3F1C512A148BFC0062BE99 /* MovieInfo.swift in Sources */ = {isa = PBXBuildFile; fileRef = 5B3F1C502A148BFC0062BE99 /* MovieInfo.swift */; };
		5B3F1C532A148C040062BE99 /* MovieInfoResult.swift in Sources */ = {isa = PBXBuildFile; fileRef = 5B3F1C522A148C040062BE99 /* MovieInfoResult.swift */; };
		5B3F1C552A148C0F0062BE99 /* MovieDetailInformation.swift in Sources */ = {isa = PBXBuildFile; fileRef = 5B3F1C542A148C0F0062BE99 /* MovieDetailInformation.swift */; };
		5B3F1C572A148C600062BE99 /* Requestable.swift in Sources */ = {isa = PBXBuildFile; fileRef = 5B3F1C562A148C600062BE99 /* Requestable.swift */; };
		5B3F1C592A148C690062BE99 /* Responsable.swift in Sources */ = {isa = PBXBuildFile; fileRef = 5B3F1C582A148C690062BE99 /* Responsable.swift */; };
		5B3F1C5B2A148C970062BE99 /* Endpoint.swift in Sources */ = {isa = PBXBuildFile; fileRef = 5B3F1C5A2A148C970062BE99 /* Endpoint.swift */; };
		5B3F1C5E2A148CBB0062BE99 /* NetworkError.swift in Sources */ = {isa = PBXBuildFile; fileRef = 5B3F1C5D2A148CBB0062BE99 /* NetworkError.swift */; };
		5B3F1C602A148CCA0062BE99 /* HTTPErrorType.swift in Sources */ = {isa = PBXBuildFile; fileRef = 5B3F1C5F2A148CCA0062BE99 /* HTTPErrorType.swift */; };
		5B3F1C622A148CD80062BE99 /* URLComponentsError.swift in Sources */ = {isa = PBXBuildFile; fileRef = 5B3F1C612A148CD80062BE99 /* URLComponentsError.swift */; };
		5B3F1C642A148DB60062BE99 /* KOFICAPIEndPoint.swift in Sources */ = {isa = PBXBuildFile; fileRef = 5B3F1C632A148DB60062BE99 /* KOFICAPIEndPoint.swift */; };
		5B3F1C662A148DE40062BE99 /* NetworkService.swift in Sources */ = {isa = PBXBuildFile; fileRef = 5B3F1C652A148DE40062BE99 /* NetworkService.swift */; };
		5B3F1C692A1495100062BE99 /* Alamofire in Frameworks */ = {isa = PBXBuildFile; productRef = 5B3F1C682A1495100062BE99 /* Alamofire */; };
		5B3F1C6C2A14977D0062BE99 /* Gettable.swift in Sources */ = {isa = PBXBuildFile; fileRef = 5B3F1C6B2A14977D0062BE99 /* Gettable.swift */; };
		5B3F1C6E2A1497A00062BE99 /* MagicLiteral.swift in Sources */ = {isa = PBXBuildFile; fileRef = 5B3F1C6D2A1497A00062BE99 /* MagicLiteral.swift */; };
		5B3F1C712A1498200062BE99 /* Getter.swift in Sources */ = {isa = PBXBuildFile; fileRef = 5B3F1C702A1498200062BE99 /* Getter.swift */; };
		5B3F1C742A14C8730062BE99 /* HomeHeaderView.swift in Sources */ = {isa = PBXBuildFile; fileRef = 5B3F1C732A14C8730062BE99 /* HomeHeaderView.swift */; };
		5B3F1C762A14C8DD0062BE99 /* TrendMovieListCell.swift in Sources */ = {isa = PBXBuildFile; fileRef = 5B3F1C752A14C8DD0062BE99 /* TrendMovieListCell.swift */; };
		5B3F1C782A14C9010062BE99 /* MovieStillCutCell.swift in Sources */ = {isa = PBXBuildFile; fileRef = 5B3F1C772A14C9010062BE99 /* MovieStillCutCell.swift */; };
		5B3F1C7A2A14EC540062BE99 /* MagicNumber.swift in Sources */ = {isa = PBXBuildFile; fileRef = 5B3F1C792A14EC540062BE99 /* MagicNumber.swift */; };
		5B3F1C7D2A14EE140062BE99 /* HomeViewLayout.swift in Sources */ = {isa = PBXBuildFile; fileRef = 5B3F1C7C2A14EE140062BE99 /* HomeViewLayout.swift */; };
		5B3F1C7F2A15DC480062BE99 /* HomeViewDataSource.swift in Sources */ = {isa = PBXBuildFile; fileRef = 5B3F1C7E2A15DC480062BE99 /* HomeViewDataSource.swift */; };
		5B591BD12A1D052C0079CAC0 /* ReusableCell.swift in Sources */ = {isa = PBXBuildFile; fileRef = 5B591BD02A1D052C0079CAC0 /* ReusableCell.swift */; };
		5B591BD42A1D06650079CAC0 /* ConfigurableCell.swift in Sources */ = {isa = PBXBuildFile; fileRef = 5B591BD32A1D06650079CAC0 /* ConfigurableCell.swift */; };
		5B591BD62A1D07460079CAC0 /* CollectionDataProvider.swift in Sources */ = {isa = PBXBuildFile; fileRef = 5B591BD52A1D07460079CAC0 /* CollectionDataProvider.swift */; };
		5B98C61D2A174001004C099F /* KoreaBoxOfficeList.swift in Sources */ = {isa = PBXBuildFile; fileRef = 5B98C61C2A174001004C099F /* KoreaBoxOfficeList.swift */; };
		5B9D27062A1F545C00E9C9C0 /* BusinessModelWrapper.swift in Sources */ = {isa = PBXBuildFile; fileRef = 5B9D27052A1F545C00E9C9C0 /* BusinessModelWrapper.swift */; };
		5B9D270A2A20ADCA00E9C9C0 /* DataLoadError.swift in Sources */ = {isa = PBXBuildFile; fileRef = 5B9D27092A20ADCA00E9C9C0 /* DataLoadError.swift */; };
		5B9D270D2A20AFF100E9C9C0 /* Section.swift in Sources */ = {isa = PBXBuildFile; fileRef = 5B9D270C2A20AFF100E9C9C0 /* Section.swift */; };
		5B9FA2F82A18D8D10045BE35 /* TBDBBasic.swift in Sources */ = {isa = PBXBuildFile; fileRef = 5B9FA2F72A18D8D10045BE35 /* TBDBBasic.swift */; };
		5B9FA2FA2A18DB150045BE35 /* TVDBAPIMagicLiteral.swift in Sources */ = {isa = PBXBuildFile; fileRef = 5B9FA2F92A18DB150045BE35 /* TVDBAPIMagicLiteral.swift */; };
		5B9FA2FC2A18DCF50045BE35 /* TVDBAPIEndPoint.swift in Sources */ = {isa = PBXBuildFile; fileRef = 5B9FA2FB2A18DCF50045BE35 /* TVDBAPIEndPoint.swift */; };
		5BC16D5C2A1B5D3200B7F3BA /* KoreaBoxOfficeListCell.swift in Sources */ = {isa = PBXBuildFile; fileRef = 5BC16D5B2A1B5D3200B7F3BA /* KoreaBoxOfficeListCell.swift */; };
		5BC16D5E2A1B5D6400B7F3BA /* Selector.swift in Sources */ = {isa = PBXBuildFile; fileRef = 5BC16D5D2A1B5D6400B7F3BA /* Selector.swift */; };
		5BC16D602A1B5D7D00B7F3BA /* Converter.swift in Sources */ = {isa = PBXBuildFile; fileRef = 5BC16D5F2A1B5D7D00B7F3BA /* Converter.swift */; };
		5BC16D622A1B5E0600B7F3BA /* Decidable.swift in Sources */ = {isa = PBXBuildFile; fileRef = 5BC16D612A1B5E0600B7F3BA /* Decidable.swift */; };
		5BC16D642A1B5E2200B7F3BA /* Convertible.swift in Sources */ = {isa = PBXBuildFile; fileRef = 5BC16D632A1B5E2200B7F3BA /* Convertible.swift */; };
		5BC16D662A1B5EF600B7F3BA /* RankView.swift in Sources */ = {isa = PBXBuildFile; fileRef = 5BC16D652A1B5EF600B7F3BA /* RankView.swift */; };
		5BC16D682A1B5F3400B7F3BA /* SummaryInfromationView.swift in Sources */ = {isa = PBXBuildFile; fileRef = 5BC16D672A1B5F3400B7F3BA /* SummaryInfromationView.swift */; };
		5BC16D6A2A1C90D200B7F3BA /* TrendMovie.swift in Sources */ = {isa = PBXBuildFile; fileRef = 5BC16D692A1C90D200B7F3BA /* TrendMovie.swift */; };
		5BC16D6C2A1C913700B7F3BA /* StillCut.swift in Sources */ = {isa = PBXBuildFile; fileRef = 5BC16D6B2A1C913700B7F3BA /* StillCut.swift */; };
		5BC16D6F2A1C923000B7F3BA /* ViewModel.swift in Sources */ = {isa = PBXBuildFile; fileRef = 5BC16D6E2A1C923000B7F3BA /* ViewModel.swift */; };
		5BC16D712A1CA37E00B7F3BA /* SectionList.swift in Sources */ = {isa = PBXBuildFile; fileRef = 5BC16D702A1CA37E00B7F3BA /* SectionList.swift */; };
		5BCE289B2A1B367E0076F189 /* KakaoSDK in Frameworks */ = {isa = PBXBuildFile; productRef = 5BCE289A2A1B367E0076F189 /* KakaoSDK */; };
		5BCE289D2A1B367E0076F189 /* KakaoSDKAuth in Frameworks */ = {isa = PBXBuildFile; productRef = 5BCE289C2A1B367E0076F189 /* KakaoSDKAuth */; };
		5BCE28A02A1B3BDB0076F189 /* KakaoBasic.swift in Sources */ = {isa = PBXBuildFile; fileRef = 5BCE289F2A1B3BDB0076F189 /* KakaoBasic.swift */; };
		5BCE28A32A1B3CF30076F189 /* KoreaMovieListImageQueryParameters.swift in Sources */ = {isa = PBXBuildFile; fileRef = 5BCE28A22A1B3CF30076F189 /* KoreaMovieListImageQueryParameters.swift */; };
		5BCE28A52A1B3E020076F189 /* KakaoMagicLiteral.swift in Sources */ = {isa = PBXBuildFile; fileRef = 5BCE28A42A1B3E020076F189 /* KakaoMagicLiteral.swift */; };
		5BCE28A82A1B41830076F189 /* MoviePosterImage.swift in Sources */ = {isa = PBXBuildFile; fileRef = 5BCE28A72A1B41830076F189 /* MoviePosterImage.swift */; };
		5BCE28AA2A1B41FD0076F189 /* KakaoEndPoint.swift in Sources */ = {isa = PBXBuildFile; fileRef = 5BCE28A92A1B41FD0076F189 /* KakaoEndPoint.swift */; };
		5BED9EED2A18C36200C66386 /* TVDBPopular.swift in Sources */ = {isa = PBXBuildFile; fileRef = 5BED9EEC2A18C36200C66386 /* TVDBPopular.swift */; };
		5BED9EF12A18C6BD00C66386 /* PopularQueryParameters.swift in Sources */ = {isa = PBXBuildFile; fileRef = 5BED9EF02A18C6BD00C66386 /* PopularQueryParameters.swift */; };
/* End PBXBuildFile section */

/* Begin PBXContainerItemProxy section */
		5B3F1C002A146EAE0062BE99 /* PBXContainerItemProxy */ = {
			isa = PBXContainerItemProxy;
			containerPortal = 5B3F1BE12A146EAC0062BE99 /* Project object */;
			proxyType = 1;
			remoteGlobalIDString = 5B3F1BE82A146EAC0062BE99;
			remoteInfo = MovieApp;
		};
		5B3F1C0A2A146EAE0062BE99 /* PBXContainerItemProxy */ = {
			isa = PBXContainerItemProxy;
			containerPortal = 5B3F1BE12A146EAC0062BE99 /* Project object */;
			proxyType = 1;
			remoteGlobalIDString = 5B3F1BE82A146EAC0062BE99;
			remoteInfo = MovieApp;
		};
/* End PBXContainerItemProxy section */

/* Begin PBXFileReference section */
		5B0C81332A1CD044004BF2D6 /* Observable.swift */ = {isa = PBXFileReference; lastKnownFileType = sourcecode.swift; path = Observable.swift; sourceTree = "<group>"; };
		5B3F1BE92A146EAC0062BE99 /* MovieApp.app */ = {isa = PBXFileReference; explicitFileType = wrapper.application; includeInIndex = 0; path = MovieApp.app; sourceTree = BUILT_PRODUCTS_DIR; };
		5B3F1BEC2A146EAC0062BE99 /* AppDelegate.swift */ = {isa = PBXFileReference; lastKnownFileType = sourcecode.swift; path = AppDelegate.swift; sourceTree = "<group>"; };
		5B3F1BEE2A146EAC0062BE99 /* SceneDelegate.swift */ = {isa = PBXFileReference; lastKnownFileType = sourcecode.swift; path = SceneDelegate.swift; sourceTree = "<group>"; };
		5B3F1BF02A146EAC0062BE99 /* HomeViewController.swift */ = {isa = PBXFileReference; lastKnownFileType = sourcecode.swift; path = HomeViewController.swift; sourceTree = "<group>"; };
		5B3F1BF32A146EAC0062BE99 /* Base */ = {isa = PBXFileReference; lastKnownFileType = file.storyboard; name = Base; path = Base.lproj/Main.storyboard; sourceTree = "<group>"; };
		5B3F1BF52A146EAE0062BE99 /* Assets.xcassets */ = {isa = PBXFileReference; lastKnownFileType = folder.assetcatalog; path = Assets.xcassets; sourceTree = "<group>"; };
		5B3F1BF82A146EAE0062BE99 /* Base */ = {isa = PBXFileReference; lastKnownFileType = file.storyboard; name = Base; path = Base.lproj/LaunchScreen.storyboard; sourceTree = "<group>"; };
		5B3F1BFA2A146EAE0062BE99 /* Info.plist */ = {isa = PBXFileReference; lastKnownFileType = text.plist.xml; path = Info.plist; sourceTree = "<group>"; };
		5B3F1BFF2A146EAE0062BE99 /* MovieAppTests.xctest */ = {isa = PBXFileReference; explicitFileType = wrapper.cfbundle; includeInIndex = 0; path = MovieAppTests.xctest; sourceTree = BUILT_PRODUCTS_DIR; };
		5B3F1C032A146EAE0062BE99 /* MovieAppTests.swift */ = {isa = PBXFileReference; lastKnownFileType = sourcecode.swift; path = MovieAppTests.swift; sourceTree = "<group>"; };
		5B3F1C092A146EAE0062BE99 /* MovieAppUITests.xctest */ = {isa = PBXFileReference; explicitFileType = wrapper.cfbundle; includeInIndex = 0; path = MovieAppUITests.xctest; sourceTree = BUILT_PRODUCTS_DIR; };
		5B3F1C0D2A146EAE0062BE99 /* MovieAppUITests.swift */ = {isa = PBXFileReference; lastKnownFileType = sourcecode.swift; path = MovieAppUITests.swift; sourceTree = "<group>"; };
		5B3F1C0F2A146EAE0062BE99 /* MovieAppUITestsLaunchTests.swift */ = {isa = PBXFileReference; lastKnownFileType = sourcecode.swift; path = MovieAppUITestsLaunchTests.swift; sourceTree = "<group>"; };
		5B3F1C292A1488930062BE99 /* KOFICBasic.swift */ = {isa = PBXFileReference; lastKnownFileType = sourcecode.swift; path = KOFICBasic.swift; sourceTree = "<group>"; };
		5B3F1C2B2A1488B30062BE99 /* Show.swift */ = {isa = PBXFileReference; lastKnownFileType = sourcecode.swift; path = Show.swift; sourceTree = "<group>"; };
		5B3F1C2D2A1488D80062BE99 /* Movie.swift */ = {isa = PBXFileReference; lastKnownFileType = sourcecode.swift; path = Movie.swift; sourceTree = "<group>"; };
		5B3F1C2F2A14890E0062BE99 /* KOFICAPIMagicLiteral.swift */ = {isa = PBXFileReference; lastKnownFileType = sourcecode.swift; path = KOFICAPIMagicLiteral.swift; sourceTree = "<group>"; };
		5B3F1C332A1489710062BE99 /* BoxOfficeQueryParameters.swift */ = {isa = PBXFileReference; lastKnownFileType = sourcecode.swift; path = BoxOfficeQueryParameters.swift; sourceTree = "<group>"; };
		5B3F1C352A1489A10062BE99 /* MovieDetailQueryParameters.swift */ = {isa = PBXFileReference; lastKnownFileType = sourcecode.swift; path = MovieDetailQueryParameters.swift; sourceTree = "<group>"; };
		5B3F1C392A148AFF0062BE99 /* BoxOffice.swift */ = {isa = PBXFileReference; lastKnownFileType = sourcecode.swift; path = BoxOffice.swift; sourceTree = "<group>"; };
		5B3F1C3B2A148B0B0062BE99 /* BoxOfficeResult.swift */ = {isa = PBXFileReference; lastKnownFileType = sourcecode.swift; path = BoxOfficeResult.swift; sourceTree = "<group>"; };
		5B3F1C3D2A148B140062BE99 /* DailyBoxOfficeList.swift */ = {isa = PBXFileReference; lastKnownFileType = sourcecode.swift; path = DailyBoxOfficeList.swift; sourceTree = "<group>"; };
		5B3F1C402A148B6D0062BE99 /* Actor.swift */ = {isa = PBXFileReference; lastKnownFileType = sourcecode.swift; path = Actor.swift; sourceTree = "<group>"; };
		5B3F1C422A148B750062BE99 /* Audit.swift */ = {isa = PBXFileReference; lastKnownFileType = sourcecode.swift; path = Audit.swift; sourceTree = "<group>"; };
		5B3F1C442A148B810062BE99 /* Company.swift */ = {isa = PBXFileReference; lastKnownFileType = sourcecode.swift; path = Company.swift; sourceTree = "<group>"; };
		5B3F1C462A148B880062BE99 /* Director.swift */ = {isa = PBXFileReference; lastKnownFileType = sourcecode.swift; path = Director.swift; sourceTree = "<group>"; };
		5B3F1C482A148B8E0062BE99 /* Genre.swift */ = {isa = PBXFileReference; lastKnownFileType = sourcecode.swift; path = Genre.swift; sourceTree = "<group>"; };
		5B3F1C4A2A148B950062BE99 /* Nation.swift */ = {isa = PBXFileReference; lastKnownFileType = sourcecode.swift; path = Nation.swift; sourceTree = "<group>"; };
		5B3F1C4C2A148B9B0062BE99 /* ShowType.swift */ = {isa = PBXFileReference; lastKnownFileType = sourcecode.swift; path = ShowType.swift; sourceTree = "<group>"; };
		5B3F1C4E2A148BA20062BE99 /* Staff.swift */ = {isa = PBXFileReference; lastKnownFileType = sourcecode.swift; path = Staff.swift; sourceTree = "<group>"; };
		5B3F1C502A148BFC0062BE99 /* MovieInfo.swift */ = {isa = PBXFileReference; lastKnownFileType = sourcecode.swift; path = MovieInfo.swift; sourceTree = "<group>"; };
		5B3F1C522A148C040062BE99 /* MovieInfoResult.swift */ = {isa = PBXFileReference; lastKnownFileType = sourcecode.swift; path = MovieInfoResult.swift; sourceTree = "<group>"; };
		5B3F1C542A148C0F0062BE99 /* MovieDetailInformation.swift */ = {isa = PBXFileReference; lastKnownFileType = sourcecode.swift; path = MovieDetailInformation.swift; sourceTree = "<group>"; };
		5B3F1C562A148C600062BE99 /* Requestable.swift */ = {isa = PBXFileReference; lastKnownFileType = sourcecode.swift; path = Requestable.swift; sourceTree = "<group>"; };
		5B3F1C582A148C690062BE99 /* Responsable.swift */ = {isa = PBXFileReference; lastKnownFileType = sourcecode.swift; path = Responsable.swift; sourceTree = "<group>"; };
		5B3F1C5A2A148C970062BE99 /* Endpoint.swift */ = {isa = PBXFileReference; lastKnownFileType = sourcecode.swift; path = Endpoint.swift; sourceTree = "<group>"; };
		5B3F1C5D2A148CBB0062BE99 /* NetworkError.swift */ = {isa = PBXFileReference; lastKnownFileType = sourcecode.swift; path = NetworkError.swift; sourceTree = "<group>"; };
		5B3F1C5F2A148CCA0062BE99 /* HTTPErrorType.swift */ = {isa = PBXFileReference; lastKnownFileType = sourcecode.swift; path = HTTPErrorType.swift; sourceTree = "<group>"; };
		5B3F1C612A148CD80062BE99 /* URLComponentsError.swift */ = {isa = PBXFileReference; lastKnownFileType = sourcecode.swift; path = URLComponentsError.swift; sourceTree = "<group>"; };
		5B3F1C632A148DB60062BE99 /* KOFICAPIEndPoint.swift */ = {isa = PBXFileReference; lastKnownFileType = sourcecode.swift; path = KOFICAPIEndPoint.swift; sourceTree = "<group>"; };
		5B3F1C652A148DE40062BE99 /* NetworkService.swift */ = {isa = PBXFileReference; lastKnownFileType = sourcecode.swift; path = NetworkService.swift; sourceTree = "<group>"; };
		5B3F1C6B2A14977D0062BE99 /* Gettable.swift */ = {isa = PBXFileReference; lastKnownFileType = sourcecode.swift; path = Gettable.swift; sourceTree = "<group>"; };
		5B3F1C6D2A1497A00062BE99 /* MagicLiteral.swift */ = {isa = PBXFileReference; lastKnownFileType = sourcecode.swift; path = MagicLiteral.swift; sourceTree = "<group>"; };
		5B3F1C702A1498200062BE99 /* Getter.swift */ = {isa = PBXFileReference; lastKnownFileType = sourcecode.swift; path = Getter.swift; sourceTree = "<group>"; };
		5B3F1C732A14C8730062BE99 /* HomeHeaderView.swift */ = {isa = PBXFileReference; lastKnownFileType = sourcecode.swift; path = HomeHeaderView.swift; sourceTree = "<group>"; };
		5B3F1C752A14C8DD0062BE99 /* TrendMovieListCell.swift */ = {isa = PBXFileReference; lastKnownFileType = sourcecode.swift; path = TrendMovieListCell.swift; sourceTree = "<group>"; };
		5B3F1C772A14C9010062BE99 /* MovieStillCutCell.swift */ = {isa = PBXFileReference; lastKnownFileType = sourcecode.swift; path = MovieStillCutCell.swift; sourceTree = "<group>"; };
		5B3F1C792A14EC540062BE99 /* MagicNumber.swift */ = {isa = PBXFileReference; lastKnownFileType = sourcecode.swift; path = MagicNumber.swift; sourceTree = "<group>"; };
		5B3F1C7C2A14EE140062BE99 /* HomeViewLayout.swift */ = {isa = PBXFileReference; lastKnownFileType = sourcecode.swift; path = HomeViewLayout.swift; sourceTree = "<group>"; };
		5B3F1C7E2A15DC480062BE99 /* HomeViewDataSource.swift */ = {isa = PBXFileReference; lastKnownFileType = sourcecode.swift; path = HomeViewDataSource.swift; sourceTree = "<group>"; };
		5B591BD02A1D052C0079CAC0 /* ReusableCell.swift */ = {isa = PBXFileReference; lastKnownFileType = sourcecode.swift; path = ReusableCell.swift; sourceTree = "<group>"; };
		5B591BD32A1D06650079CAC0 /* ConfigurableCell.swift */ = {isa = PBXFileReference; lastKnownFileType = sourcecode.swift; path = ConfigurableCell.swift; sourceTree = "<group>"; };
		5B591BD52A1D07460079CAC0 /* CollectionDataProvider.swift */ = {isa = PBXFileReference; lastKnownFileType = sourcecode.swift; path = CollectionDataProvider.swift; sourceTree = "<group>"; };
		5B98C61C2A174001004C099F /* KoreaBoxOfficeList.swift */ = {isa = PBXFileReference; lastKnownFileType = sourcecode.swift; path = KoreaBoxOfficeList.swift; sourceTree = "<group>"; };
		5B9D27052A1F545C00E9C9C0 /* BusinessModelWrapper.swift */ = {isa = PBXFileReference; lastKnownFileType = sourcecode.swift; path = BusinessModelWrapper.swift; sourceTree = "<group>"; };
		5B9D27092A20ADCA00E9C9C0 /* DataLoadError.swift */ = {isa = PBXFileReference; lastKnownFileType = sourcecode.swift; path = DataLoadError.swift; sourceTree = "<group>"; };
		5B9D270C2A20AFF100E9C9C0 /* Section.swift */ = {isa = PBXFileReference; lastKnownFileType = sourcecode.swift; path = Section.swift; sourceTree = "<group>"; };
		5B9FA2F72A18D8D10045BE35 /* TBDBBasic.swift */ = {isa = PBXFileReference; lastKnownFileType = sourcecode.swift; path = TBDBBasic.swift; sourceTree = "<group>"; };
		5B9FA2F92A18DB150045BE35 /* TVDBAPIMagicLiteral.swift */ = {isa = PBXFileReference; lastKnownFileType = sourcecode.swift; path = TVDBAPIMagicLiteral.swift; sourceTree = "<group>"; };
		5B9FA2FB2A18DCF50045BE35 /* TVDBAPIEndPoint.swift */ = {isa = PBXFileReference; lastKnownFileType = sourcecode.swift; path = TVDBAPIEndPoint.swift; sourceTree = "<group>"; };
		5BC16D5B2A1B5D3200B7F3BA /* KoreaBoxOfficeListCell.swift */ = {isa = PBXFileReference; lastKnownFileType = sourcecode.swift; path = KoreaBoxOfficeListCell.swift; sourceTree = "<group>"; };
		5BC16D5D2A1B5D6400B7F3BA /* Selector.swift */ = {isa = PBXFileReference; lastKnownFileType = sourcecode.swift; path = Selector.swift; sourceTree = "<group>"; };
		5BC16D5F2A1B5D7D00B7F3BA /* Converter.swift */ = {isa = PBXFileReference; lastKnownFileType = sourcecode.swift; path = Converter.swift; sourceTree = "<group>"; };
		5BC16D612A1B5E0600B7F3BA /* Decidable.swift */ = {isa = PBXFileReference; lastKnownFileType = sourcecode.swift; path = Decidable.swift; sourceTree = "<group>"; };
		5BC16D632A1B5E2200B7F3BA /* Convertible.swift */ = {isa = PBXFileReference; lastKnownFileType = sourcecode.swift; path = Convertible.swift; sourceTree = "<group>"; };
		5BC16D652A1B5EF600B7F3BA /* RankView.swift */ = {isa = PBXFileReference; lastKnownFileType = sourcecode.swift; path = RankView.swift; sourceTree = "<group>"; };
		5BC16D672A1B5F3400B7F3BA /* SummaryInfromationView.swift */ = {isa = PBXFileReference; lastKnownFileType = sourcecode.swift; path = SummaryInfromationView.swift; sourceTree = "<group>"; };
		5BC16D692A1C90D200B7F3BA /* TrendMovie.swift */ = {isa = PBXFileReference; lastKnownFileType = sourcecode.swift; path = TrendMovie.swift; sourceTree = "<group>"; };
		5BC16D6B2A1C913700B7F3BA /* StillCut.swift */ = {isa = PBXFileReference; lastKnownFileType = sourcecode.swift; path = StillCut.swift; sourceTree = "<group>"; };
		5BC16D6E2A1C923000B7F3BA /* ViewModel.swift */ = {isa = PBXFileReference; lastKnownFileType = sourcecode.swift; path = ViewModel.swift; sourceTree = "<group>"; };
		5BC16D702A1CA37E00B7F3BA /* SectionList.swift */ = {isa = PBXFileReference; lastKnownFileType = sourcecode.swift; path = SectionList.swift; sourceTree = "<group>"; };
		5BCE289F2A1B3BDB0076F189 /* KakaoBasic.swift */ = {isa = PBXFileReference; lastKnownFileType = sourcecode.swift; path = KakaoBasic.swift; sourceTree = "<group>"; };
		5BCE28A22A1B3CF30076F189 /* KoreaMovieListImageQueryParameters.swift */ = {isa = PBXFileReference; lastKnownFileType = sourcecode.swift; path = KoreaMovieListImageQueryParameters.swift; sourceTree = "<group>"; };
		5BCE28A42A1B3E020076F189 /* KakaoMagicLiteral.swift */ = {isa = PBXFileReference; lastKnownFileType = sourcecode.swift; path = KakaoMagicLiteral.swift; sourceTree = "<group>"; };
		5BCE28A72A1B41830076F189 /* MoviePosterImage.swift */ = {isa = PBXFileReference; lastKnownFileType = sourcecode.swift; path = MoviePosterImage.swift; sourceTree = "<group>"; };
		5BCE28A92A1B41FD0076F189 /* KakaoEndPoint.swift */ = {isa = PBXFileReference; lastKnownFileType = sourcecode.swift; path = KakaoEndPoint.swift; sourceTree = "<group>"; };
		5BED9EEC2A18C36200C66386 /* TVDBPopular.swift */ = {isa = PBXFileReference; lastKnownFileType = sourcecode.swift; path = TVDBPopular.swift; sourceTree = "<group>"; };
		5BED9EF02A18C6BD00C66386 /* PopularQueryParameters.swift */ = {isa = PBXFileReference; lastKnownFileType = sourcecode.swift; path = PopularQueryParameters.swift; sourceTree = "<group>"; };
		5BF21BA22A1A07A0006B0EA4 /* APIKEYS.xcconfig */ = {isa = PBXFileReference; lastKnownFileType = text.xcconfig; path = APIKEYS.xcconfig; sourceTree = "<group>"; };
/* End PBXFileReference section */

/* Begin PBXFrameworksBuildPhase section */
		5B3F1BE62A146EAC0062BE99 /* Frameworks */ = {
			isa = PBXFrameworksBuildPhase;
			buildActionMask = 2147483647;
			files = (
				5B3F1C692A1495100062BE99 /* Alamofire in Frameworks */,
				5BCE289B2A1B367E0076F189 /* KakaoSDK in Frameworks */,
				5BCE289D2A1B367E0076F189 /* KakaoSDKAuth in Frameworks */,
			);
			runOnlyForDeploymentPostprocessing = 0;
		};
		5B3F1BFC2A146EAE0062BE99 /* Frameworks */ = {
			isa = PBXFrameworksBuildPhase;
			buildActionMask = 2147483647;
			files = (
			);
			runOnlyForDeploymentPostprocessing = 0;
		};
		5B3F1C062A146EAE0062BE99 /* Frameworks */ = {
			isa = PBXFrameworksBuildPhase;
			buildActionMask = 2147483647;
			files = (
			);
			runOnlyForDeploymentPostprocessing = 0;
		};
/* End PBXFrameworksBuildPhase section */

/* Begin PBXGroup section */
		5B3F1BE02A146EAC0062BE99 = {
			isa = PBXGroup;
			children = (
				5B3F1BEB2A146EAC0062BE99 /* MovieApp */,
				5B3F1C022A146EAE0062BE99 /* MovieAppTests */,
				5B3F1C0C2A146EAE0062BE99 /* MovieAppUITests */,
				5B3F1BEA2A146EAC0062BE99 /* Products */,
			);
			sourceTree = "<group>";
		};
		5B3F1BEA2A146EAC0062BE99 /* Products */ = {
			isa = PBXGroup;
			children = (
				5B3F1BE92A146EAC0062BE99 /* MovieApp.app */,
				5B3F1BFF2A146EAE0062BE99 /* MovieAppTests.xctest */,
				5B3F1C092A146EAE0062BE99 /* MovieAppUITests.xctest */,
			);
			name = Products;
			sourceTree = "<group>";
		};
		5B3F1BEB2A146EAC0062BE99 /* MovieApp */ = {
			isa = PBXGroup;
			children = (
				5B3F1C1F2A14731D0062BE99 /* Presentation */,
				5B3F1C202A14772A0062BE99 /* Domain */,
				5B3F1C212A1477330062BE99 /* Data */,
				5B3F1C242A14777C0062BE99 /* Infrastructure */,
				5B3F1C1E2A1473120062BE99 /* AppEnvironment */,
				5B3F1C1D2A1472FB0062BE99 /* AppConfiguration */,
			);
			path = MovieApp;
			sourceTree = "<group>";
		};
		5B3F1C022A146EAE0062BE99 /* MovieAppTests */ = {
			isa = PBXGroup;
			children = (
				5B3F1C032A146EAE0062BE99 /* MovieAppTests.swift */,
			);
			path = MovieAppTests;
			sourceTree = "<group>";
		};
		5B3F1C0C2A146EAE0062BE99 /* MovieAppUITests */ = {
			isa = PBXGroup;
			children = (
				5B3F1C0D2A146EAE0062BE99 /* MovieAppUITests.swift */,
				5B3F1C0F2A146EAE0062BE99 /* MovieAppUITestsLaunchTests.swift */,
			);
			path = MovieAppUITests;
			sourceTree = "<group>";
		};
		5B3F1C1C2A1472EE0062BE99 /* View */ = {
			isa = PBXGroup;
			children = (
				5BC16D652A1B5EF600B7F3BA /* RankView.swift */,
				5BC16D672A1B5F3400B7F3BA /* SummaryInfromationView.swift */,
				5B3F1BF22A146EAC0062BE99 /* Main.storyboard */,
				5B3F1BF72A146EAE0062BE99 /* LaunchScreen.storyboard */,
			);
			path = View;
			sourceTree = "<group>";
		};
		5B3F1C1D2A1472FB0062BE99 /* AppConfiguration */ = {
			isa = PBXGroup;
			children = (
				5B3F1BF52A146EAE0062BE99 /* Assets.xcassets */,
				5B3F1BFA2A146EAE0062BE99 /* Info.plist */,
				5BF21BA22A1A07A0006B0EA4 /* APIKEYS.xcconfig */,
			);
			path = AppConfiguration;
			sourceTree = "<group>";
		};
		5B3F1C1E2A1473120062BE99 /* AppEnvironment */ = {
			isa = PBXGroup;
			children = (
				5B3F1BEC2A146EAC0062BE99 /* AppDelegate.swift */,
				5B3F1BEE2A146EAC0062BE99 /* SceneDelegate.swift */,
			);
			path = AppEnvironment;
			sourceTree = "<group>";
		};
		5B3F1C1F2A14731D0062BE99 /* Presentation */ = {
			isa = PBXGroup;
			children = (
				5B3F1BF02A146EAC0062BE99 /* HomeViewController.swift */,
				5B3F1C7E2A15DC480062BE99 /* HomeViewDataSource.swift */,
				5B9D270B2A20AF7200E9C9C0 /* SupplementaryView */,
				5B3F1C7B2A14EE040062BE99 /* CellLayout */,
				5B3F1C722A14C82F0062BE99 /* Cells */,
				5BC16D6D2A1C922100B7F3BA /* ViewModel */,
				5B3F1C1C2A1472EE0062BE99 /* View */,
			);
			path = Presentation;
			sourceTree = "<group>";
		};
		5B3F1C202A14772A0062BE99 /* Domain */ = {
			isa = PBXGroup;
			children = (
				5B9D27052A1F545C00E9C9C0 /* BusinessModelWrapper.swift */,
				5BC16D692A1C90D200B7F3BA /* TrendMovie.swift */,
				5BC16D6B2A1C913700B7F3BA /* StillCut.swift */,
				5B98C61C2A174001004C099F /* KoreaBoxOfficeList.swift */,
				5B3F1C6A2A1497700062BE99 /* Interface */,
				5B3F1C6F2A1497F50062BE99 /* Helper */,
				5B98C61E2A174011004C099F /* RawValues */,
			);
			path = Domain;
			sourceTree = "<group>";
		};
		5B3F1C212A1477330062BE99 /* Data */ = {
			isa = PBXGroup;
			children = (
				5B3F1C222A14774D0062BE99 /* DataStructure */,
				5B3F1C232A14775A0062BE99 /* Network */,
			);
			path = Data;
			sourceTree = "<group>";
		};
		5B3F1C222A14774D0062BE99 /* DataStructure */ = {
			isa = PBXGroup;
			children = (
				5B3F1C312A14894D0062BE99 /* Request */,
				5B3F1C322A1489540062BE99 /* Response */,
			);
			path = DataStructure;
			sourceTree = "<group>";
		};
		5B3F1C232A14775A0062BE99 /* Network */ = {
			isa = PBXGroup;
			children = (
				5B9D27082A20AD9700E9C9C0 /* Error */,
				5B9D27072A20AD8700E9C9C0 /* APIEndponit */,
				5B3F1C652A148DE40062BE99 /* NetworkService.swift */,
			);
			path = Network;
			sourceTree = "<group>";
		};
		5B3F1C242A14777C0062BE99 /* Infrastructure */ = {
			isa = PBXGroup;
			children = (
				5B3F1C252A1477890062BE99 /* Network */,
			);
			path = Infrastructure;
			sourceTree = "<group>";
		};
		5B3F1C252A1477890062BE99 /* Network */ = {
			isa = PBXGroup;
			children = (
				5B3F1C5C2A148CAD0062BE99 /* Error */,
				5B3F1C262A1477920062BE99 /* Query */,
				5B3F1C272A1477970062BE99 /* Endpoint */,
			);
			path = Network;
			sourceTree = "<group>";
		};
		5B3F1C262A1477920062BE99 /* Query */ = {
			isa = PBXGroup;
			children = (
				5BCE289E2A1B3BC80076F189 /* KaKao */,
				5B9FA2F62A18D8C00045BE35 /* TVDB */,
				5B9FA2F52A18C8C40045BE35 /* KOFIC */,
			);
			path = Query;
			sourceTree = "<group>";
		};
		5B3F1C272A1477970062BE99 /* Endpoint */ = {
			isa = PBXGroup;
			children = (
				5B3F1C562A148C600062BE99 /* Requestable.swift */,
				5B3F1C582A148C690062BE99 /* Responsable.swift */,
				5B3F1C5A2A148C970062BE99 /* Endpoint.swift */,
			);
			path = Endpoint;
			sourceTree = "<group>";
		};
		5B3F1C312A14894D0062BE99 /* Request */ = {
			isa = PBXGroup;
			children = (
				5BCE28A12A1B3CC10076F189 /* Kakao */,
				5BED9EEF2A18C69300C66386 /* TVDB */,
				5BED9EEE2A18C64700C66386 /* KOFIC */,
			);
			path = Request;
			sourceTree = "<group>";
		};
		5B3F1C322A1489540062BE99 /* Response */ = {
			isa = PBXGroup;
			children = (
				5BCE28A62A1B416D0076F189 /* Kakao */,
				5BED9EEB2A18C32E00C66386 /* TVDBPopular */,
				5B3F1C372A148AD50062BE99 /* BoxOffice */,
				5B3F1C382A148ADF0062BE99 /* MovieDetailInformation */,
			);
			path = Response;
			sourceTree = "<group>";
		};
		5B3F1C372A148AD50062BE99 /* BoxOffice */ = {
			isa = PBXGroup;
			children = (
				5B3F1C392A148AFF0062BE99 /* BoxOffice.swift */,
				5B3F1C3B2A148B0B0062BE99 /* BoxOfficeResult.swift */,
				5B3F1C3D2A148B140062BE99 /* DailyBoxOfficeList.swift */,
			);
			path = BoxOffice;
			sourceTree = "<group>";
		};
		5B3F1C382A148ADF0062BE99 /* MovieDetailInformation */ = {
			isa = PBXGroup;
			children = (
				5B3F1C542A148C0F0062BE99 /* MovieDetailInformation.swift */,
				5B3F1C522A148C040062BE99 /* MovieInfoResult.swift */,
				5B3F1C502A148BFC0062BE99 /* MovieInfo.swift */,
				5B3F1C3F2A148B5A0062BE99 /* SubClassification */,
			);
			path = MovieDetailInformation;
			sourceTree = "<group>";
		};
		5B3F1C3F2A148B5A0062BE99 /* SubClassification */ = {
			isa = PBXGroup;
			children = (
				5B3F1C402A148B6D0062BE99 /* Actor.swift */,
				5B3F1C422A148B750062BE99 /* Audit.swift */,
				5B3F1C442A148B810062BE99 /* Company.swift */,
				5B3F1C462A148B880062BE99 /* Director.swift */,
				5B3F1C482A148B8E0062BE99 /* Genre.swift */,
				5B3F1C4A2A148B950062BE99 /* Nation.swift */,
				5B3F1C4C2A148B9B0062BE99 /* ShowType.swift */,
				5B3F1C4E2A148BA20062BE99 /* Staff.swift */,
			);
			path = SubClassification;
			sourceTree = "<group>";
		};
		5B3F1C5C2A148CAD0062BE99 /* Error */ = {
			isa = PBXGroup;
			children = (
				5B3F1C5D2A148CBB0062BE99 /* NetworkError.swift */,
				5B3F1C5F2A148CCA0062BE99 /* HTTPErrorType.swift */,
				5B3F1C612A148CD80062BE99 /* URLComponentsError.swift */,
			);
			path = Error;
			sourceTree = "<group>";
		};
		5B3F1C6A2A1497700062BE99 /* Interface */ = {
			isa = PBXGroup;
			children = (
				5B3F1C6B2A14977D0062BE99 /* Gettable.swift */,
				5BC16D612A1B5E0600B7F3BA /* Decidable.swift */,
				5BC16D632A1B5E2200B7F3BA /* Convertible.swift */,
			);
			path = Interface;
			sourceTree = "<group>";
		};
		5B3F1C6F2A1497F50062BE99 /* Helper */ = {
			isa = PBXGroup;
			children = (
				5B3F1C702A1498200062BE99 /* Getter.swift */,
				5BC16D5D2A1B5D6400B7F3BA /* Selector.swift */,
				5BC16D5F2A1B5D7D00B7F3BA /* Converter.swift */,
			);
			path = Helper;
			sourceTree = "<group>";
		};
		5B3F1C722A14C82F0062BE99 /* Cells */ = {
			isa = PBXGroup;
			children = (
				5B591BD22A1D064B0079CAC0 /* Interface */,
				5B3F1C752A14C8DD0062BE99 /* TrendMovieListCell.swift */,
				5B3F1C772A14C9010062BE99 /* MovieStillCutCell.swift */,
				5BC16D5B2A1B5D3200B7F3BA /* KoreaBoxOfficeListCell.swift */,
			);
			path = Cells;
			sourceTree = "<group>";
		};
		5B3F1C7B2A14EE040062BE99 /* CellLayout */ = {
			isa = PBXGroup;
			children = (
				5BC16D702A1CA37E00B7F3BA /* SectionList.swift */,
				5B3F1C7C2A14EE140062BE99 /* HomeViewLayout.swift */,
			);
			path = CellLayout;
			sourceTree = "<group>";
		};
		5B591BD22A1D064B0079CAC0 /* Interface */ = {
			isa = PBXGroup;
			children = (
				5B591BD02A1D052C0079CAC0 /* ReusableCell.swift */,
				5B591BD32A1D06650079CAC0 /* ConfigurableCell.swift */,
				5B591BD52A1D07460079CAC0 /* CollectionDataProvider.swift */,
			);
			path = Interface;
			sourceTree = "<group>";
		};
		5B98C61E2A174011004C099F /* RawValues */ = {
			isa = PBXGroup;
			children = (
				5B3F1C6D2A1497A00062BE99 /* MagicLiteral.swift */,
				5B3F1C792A14EC540062BE99 /* MagicNumber.swift */,
			);
			path = RawValues;
			sourceTree = "<group>";
		};
		5B9D27072A20AD8700E9C9C0 /* APIEndponit */ = {
			isa = PBXGroup;
			children = (
				5BCE28A92A1B41FD0076F189 /* KakaoEndPoint.swift */,
				5B9FA2FB2A18DCF50045BE35 /* TVDBAPIEndPoint.swift */,
				5B3F1C632A148DB60062BE99 /* KOFICAPIEndPoint.swift */,
			);
			path = APIEndponit;
			sourceTree = "<group>";
		};
		5B9D27082A20AD9700E9C9C0 /* Error */ = {
			isa = PBXGroup;
			children = (
				5B9D27092A20ADCA00E9C9C0 /* DataLoadError.swift */,
			);
			path = Error;
			sourceTree = "<group>";
		};
		5B9D270B2A20AF7200E9C9C0 /* SupplementaryView */ = {
			isa = PBXGroup;
			children = (
				5B3F1C732A14C8730062BE99 /* HomeHeaderView.swift */,
			);
			path = SupplementaryView;
			sourceTree = "<group>";
		};
		5B9FA2F52A18C8C40045BE35 /* KOFIC */ = {
			isa = PBXGroup;
			children = (
				5B3F1C292A1488930062BE99 /* KOFICBasic.swift */,
				5B3F1C2B2A1488B30062BE99 /* Show.swift */,
				5B3F1C2D2A1488D80062BE99 /* Movie.swift */,
				5B3F1C2F2A14890E0062BE99 /* KOFICAPIMagicLiteral.swift */,
			);
			path = KOFIC;
			sourceTree = "<group>";
		};
		5B9FA2F62A18D8C00045BE35 /* TVDB */ = {
			isa = PBXGroup;
			children = (
				5B9FA2F72A18D8D10045BE35 /* TBDBBasic.swift */,
				5B9FA2F92A18DB150045BE35 /* TVDBAPIMagicLiteral.swift */,
			);
			path = TVDB;
			sourceTree = "<group>";
		};
		5BC16D6D2A1C922100B7F3BA /* ViewModel */ = {
			isa = PBXGroup;
			children = (
				5B9D270C2A20AFF100E9C9C0 /* Section.swift */,
				5B0C81332A1CD044004BF2D6 /* Observable.swift */,
				5BC16D6E2A1C923000B7F3BA /* ViewModel.swift */,
			);
			path = ViewModel;
			sourceTree = "<group>";
		};
		5BCE289E2A1B3BC80076F189 /* KaKao */ = {
			isa = PBXGroup;
			children = (
				5BCE289F2A1B3BDB0076F189 /* KakaoBasic.swift */,
				5BCE28A42A1B3E020076F189 /* KakaoMagicLiteral.swift */,
			);
			path = KaKao;
			sourceTree = "<group>";
		};
		5BCE28A12A1B3CC10076F189 /* Kakao */ = {
			isa = PBXGroup;
			children = (
				5BCE28A22A1B3CF30076F189 /* KoreaMovieListImageQueryParameters.swift */,
			);
			path = Kakao;
			sourceTree = "<group>";
		};
		5BCE28A62A1B416D0076F189 /* Kakao */ = {
			isa = PBXGroup;
			children = (
				5BCE28A72A1B41830076F189 /* MoviePosterImage.swift */,
			);
			path = Kakao;
			sourceTree = "<group>";
		};
		5BED9EEB2A18C32E00C66386 /* TVDBPopular */ = {
			isa = PBXGroup;
			children = (
				5BED9EEC2A18C36200C66386 /* TVDBPopular.swift */,
			);
			path = TVDBPopular;
			sourceTree = "<group>";
		};
		5BED9EEE2A18C64700C66386 /* KOFIC */ = {
			isa = PBXGroup;
			children = (
				5B3F1C332A1489710062BE99 /* BoxOfficeQueryParameters.swift */,
				5B3F1C352A1489A10062BE99 /* MovieDetailQueryParameters.swift */,
			);
			path = KOFIC;
			sourceTree = "<group>";
		};
		5BED9EEF2A18C69300C66386 /* TVDB */ = {
			isa = PBXGroup;
			children = (
				5BED9EF02A18C6BD00C66386 /* PopularQueryParameters.swift */,
			);
			path = TVDB;
			sourceTree = "<group>";
		};
/* End PBXGroup section */

/* Begin PBXNativeTarget section */
		5B3F1BE82A146EAC0062BE99 /* MovieApp */ = {
			isa = PBXNativeTarget;
			buildConfigurationList = 5B3F1C132A146EAE0062BE99 /* Build configuration list for PBXNativeTarget "MovieApp" */;
			buildPhases = (
				5B3F1BE52A146EAC0062BE99 /* Sources */,
				5B3F1BE62A146EAC0062BE99 /* Frameworks */,
				5B3F1BE72A146EAC0062BE99 /* Resources */,
			);
			buildRules = (
			);
			dependencies = (
			);
			name = MovieApp;
			packageProductDependencies = (
				5B3F1C682A1495100062BE99 /* Alamofire */,
				5BCE289A2A1B367E0076F189 /* KakaoSDK */,
				5BCE289C2A1B367E0076F189 /* KakaoSDKAuth */,
			);
			productName = MovieApp;
			productReference = 5B3F1BE92A146EAC0062BE99 /* MovieApp.app */;
			productType = "com.apple.product-type.application";
		};
		5B3F1BFE2A146EAE0062BE99 /* MovieAppTests */ = {
			isa = PBXNativeTarget;
			buildConfigurationList = 5B3F1C162A146EAE0062BE99 /* Build configuration list for PBXNativeTarget "MovieAppTests" */;
			buildPhases = (
				5B3F1BFB2A146EAE0062BE99 /* Sources */,
				5B3F1BFC2A146EAE0062BE99 /* Frameworks */,
				5B3F1BFD2A146EAE0062BE99 /* Resources */,
			);
			buildRules = (
			);
			dependencies = (
				5B3F1C012A146EAE0062BE99 /* PBXTargetDependency */,
			);
			name = MovieAppTests;
			productName = MovieAppTests;
			productReference = 5B3F1BFF2A146EAE0062BE99 /* MovieAppTests.xctest */;
			productType = "com.apple.product-type.bundle.unit-test";
		};
		5B3F1C082A146EAE0062BE99 /* MovieAppUITests */ = {
			isa = PBXNativeTarget;
			buildConfigurationList = 5B3F1C192A146EAE0062BE99 /* Build configuration list for PBXNativeTarget "MovieAppUITests" */;
			buildPhases = (
				5B3F1C052A146EAE0062BE99 /* Sources */,
				5B3F1C062A146EAE0062BE99 /* Frameworks */,
				5B3F1C072A146EAE0062BE99 /* Resources */,
			);
			buildRules = (
			);
			dependencies = (
				5B3F1C0B2A146EAE0062BE99 /* PBXTargetDependency */,
			);
			name = MovieAppUITests;
			productName = MovieAppUITests;
			productReference = 5B3F1C092A146EAE0062BE99 /* MovieAppUITests.xctest */;
			productType = "com.apple.product-type.bundle.ui-testing";
		};
/* End PBXNativeTarget section */

/* Begin PBXProject section */
		5B3F1BE12A146EAC0062BE99 /* Project object */ = {
			isa = PBXProject;
			attributes = {
				BuildIndependentTargetsInParallel = 1;
				LastSwiftUpdateCheck = 1420;
				LastUpgradeCheck = 1420;
				TargetAttributes = {
					5B3F1BE82A146EAC0062BE99 = {
						CreatedOnToolsVersion = 14.2;
					};
					5B3F1BFE2A146EAE0062BE99 = {
						CreatedOnToolsVersion = 14.2;
						TestTargetID = 5B3F1BE82A146EAC0062BE99;
					};
					5B3F1C082A146EAE0062BE99 = {
						CreatedOnToolsVersion = 14.2;
						TestTargetID = 5B3F1BE82A146EAC0062BE99;
					};
				};
			};
			buildConfigurationList = 5B3F1BE42A146EAC0062BE99 /* Build configuration list for PBXProject "MovieApp" */;
			compatibilityVersion = "Xcode 14.0";
			developmentRegion = en;
			hasScannedForEncodings = 0;
			knownRegions = (
				en,
				Base,
			);
			mainGroup = 5B3F1BE02A146EAC0062BE99;
			packageReferences = (
				5B3F1C672A1495100062BE99 /* XCRemoteSwiftPackageReference "Alamofire" */,
				5BCE28992A1B367E0076F189 /* XCRemoteSwiftPackageReference "kakao-ios-sdk" */,
			);
			productRefGroup = 5B3F1BEA2A146EAC0062BE99 /* Products */;
			projectDirPath = "";
			projectRoot = "";
			targets = (
				5B3F1BE82A146EAC0062BE99 /* MovieApp */,
				5B3F1BFE2A146EAE0062BE99 /* MovieAppTests */,
				5B3F1C082A146EAE0062BE99 /* MovieAppUITests */,
			);
		};
/* End PBXProject section */

/* Begin PBXResourcesBuildPhase section */
		5B3F1BE72A146EAC0062BE99 /* Resources */ = {
			isa = PBXResourcesBuildPhase;
			buildActionMask = 2147483647;
			files = (
				5B3F1BF92A146EAE0062BE99 /* LaunchScreen.storyboard in Resources */,
				5B3F1BF62A146EAE0062BE99 /* Assets.xcassets in Resources */,
				5B3F1BF42A146EAC0062BE99 /* Main.storyboard in Resources */,
			);
			runOnlyForDeploymentPostprocessing = 0;
		};
		5B3F1BFD2A146EAE0062BE99 /* Resources */ = {
			isa = PBXResourcesBuildPhase;
			buildActionMask = 2147483647;
			files = (
			);
			runOnlyForDeploymentPostprocessing = 0;
		};
		5B3F1C072A146EAE0062BE99 /* Resources */ = {
			isa = PBXResourcesBuildPhase;
			buildActionMask = 2147483647;
			files = (
			);
			runOnlyForDeploymentPostprocessing = 0;
		};
/* End PBXResourcesBuildPhase section */

/* Begin PBXSourcesBuildPhase section */
		5B3F1BE52A146EAC0062BE99 /* Sources */ = {
			isa = PBXSourcesBuildPhase;
			buildActionMask = 2147483647;
			files = (
				5B591BD42A1D06650079CAC0 /* ConfigurableCell.swift in Sources */,
				5BED9EF12A18C6BD00C66386 /* PopularQueryParameters.swift in Sources */,
				5B3F1C342A1489710062BE99 /* BoxOfficeQueryParameters.swift in Sources */,
				5B3F1C302A14890E0062BE99 /* KOFICAPIMagicLiteral.swift in Sources */,
				5B9D27062A1F545C00E9C9C0 /* BusinessModelWrapper.swift in Sources */,
				5B3F1C602A148CCA0062BE99 /* HTTPErrorType.swift in Sources */,
				5BC16D6A2A1C90D200B7F3BA /* TrendMovie.swift in Sources */,
				5BC16D602A1B5D7D00B7F3BA /* Converter.swift in Sources */,
				5B3F1C762A14C8DD0062BE99 /* TrendMovieListCell.swift in Sources */,
				5B3F1C4B2A148B950062BE99 /* Nation.swift in Sources */,
				5BC16D662A1B5EF600B7F3BA /* RankView.swift in Sources */,
				5B3F1C2A2A1488930062BE99 /* KOFICBasic.swift in Sources */,
				5B3F1C432A148B750062BE99 /* Audit.swift in Sources */,
				5B3F1C3E2A148B140062BE99 /* DailyBoxOfficeList.swift in Sources */,
				5BCE28A52A1B3E020076F189 /* KakaoMagicLiteral.swift in Sources */,
				5B9D270D2A20AFF100E9C9C0 /* Section.swift in Sources */,
				5BC16D5E2A1B5D6400B7F3BA /* Selector.swift in Sources */,
				5B3F1C782A14C9010062BE99 /* MovieStillCutCell.swift in Sources */,
				5B3F1C5E2A148CBB0062BE99 /* NetworkError.swift in Sources */,
				5BC16D6F2A1C923000B7F3BA /* ViewModel.swift in Sources */,
				5BCE28AA2A1B41FD0076F189 /* KakaoEndPoint.swift in Sources */,
				5BC16D682A1B5F3400B7F3BA /* SummaryInfromationView.swift in Sources */,
				5BC16D712A1CA37E00B7F3BA /* SectionList.swift in Sources */,
				5B3F1C622A148CD80062BE99 /* URLComponentsError.swift in Sources */,
				5B3F1C472A148B880062BE99 /* Director.swift in Sources */,
				5BC16D642A1B5E2200B7F3BA /* Convertible.swift in Sources */,
				5B3F1C512A148BFC0062BE99 /* MovieInfo.swift in Sources */,
				5B3F1C592A148C690062BE99 /* Responsable.swift in Sources */,
				5B3F1C412A148B6D0062BE99 /* Actor.swift in Sources */,
				5B3F1C572A148C600062BE99 /* Requestable.swift in Sources */,
				5B591BD62A1D07460079CAC0 /* CollectionDataProvider.swift in Sources */,
				5B3F1C4D2A148B9B0062BE99 /* ShowType.swift in Sources */,
				5BC16D622A1B5E0600B7F3BA /* Decidable.swift in Sources */,
				5B3F1C6E2A1497A00062BE99 /* MagicLiteral.swift in Sources */,
				5BCE28A02A1B3BDB0076F189 /* KakaoBasic.swift in Sources */,
				5B0C81342A1CD044004BF2D6 /* Observable.swift in Sources */,
				5B591BD12A1D052C0079CAC0 /* ReusableCell.swift in Sources */,
				5B3F1C7F2A15DC480062BE99 /* HomeViewDataSource.swift in Sources */,
				5B3F1C2E2A1488D80062BE99 /* Movie.swift in Sources */,
				5BCE28A82A1B41830076F189 /* MoviePosterImage.swift in Sources */,
				5B3F1C4F2A148BA20062BE99 /* Staff.swift in Sources */,
				5B3F1C6C2A14977D0062BE99 /* Gettable.swift in Sources */,
				5B3F1BF12A146EAC0062BE99 /* HomeViewController.swift in Sources */,
				5B9D270A2A20ADCA00E9C9C0 /* DataLoadError.swift in Sources */,
				5B3F1C712A1498200062BE99 /* Getter.swift in Sources */,
				5B3F1C552A148C0F0062BE99 /* MovieDetailInformation.swift in Sources */,
				5B3F1C642A148DB60062BE99 /* KOFICAPIEndPoint.swift in Sources */,
				5B3F1C5B2A148C970062BE99 /* Endpoint.swift in Sources */,
				5BCE28A32A1B3CF30076F189 /* KoreaMovieListImageQueryParameters.swift in Sources */,
				5B3F1C452A148B810062BE99 /* Company.swift in Sources */,
				5B9FA2FC2A18DCF50045BE35 /* TVDBAPIEndPoint.swift in Sources */,
				5B3F1C7D2A14EE140062BE99 /* HomeViewLayout.swift in Sources */,
				5B3F1C492A148B8E0062BE99 /* Genre.swift in Sources */,
				5B3F1C742A14C8730062BE99 /* HomeHeaderView.swift in Sources */,
				5B3F1C532A148C040062BE99 /* MovieInfoResult.swift in Sources */,
				5B3F1C362A1489A10062BE99 /* MovieDetailQueryParameters.swift in Sources */,
				5BED9EED2A18C36200C66386 /* TVDBPopular.swift in Sources */,
				5B3F1BED2A146EAC0062BE99 /* AppDelegate.swift in Sources */,
				5BC16D5C2A1B5D3200B7F3BA /* KoreaBoxOfficeListCell.swift in Sources */,
				5B3F1C3A2A148AFF0062BE99 /* BoxOffice.swift in Sources */,
				5B3F1C2C2A1488B30062BE99 /* Show.swift in Sources */,
				5B3F1C7A2A14EC540062BE99 /* MagicNumber.swift in Sources */,
				5BC16D6C2A1C913700B7F3BA /* StillCut.swift in Sources */,
				5B3F1C662A148DE40062BE99 /* NetworkService.swift in Sources */,
				5B9FA2FA2A18DB150045BE35 /* TVDBAPIMagicLiteral.swift in Sources */,
				5B9FA2F82A18D8D10045BE35 /* TBDBBasic.swift in Sources */,
				5B3F1BEF2A146EAC0062BE99 /* SceneDelegate.swift in Sources */,
				5B98C61D2A174001004C099F /* KoreaBoxOfficeList.swift in Sources */,
				5B3F1C3C2A148B0B0062BE99 /* BoxOfficeResult.swift in Sources */,
			);
			runOnlyForDeploymentPostprocessing = 0;
		};
		5B3F1BFB2A146EAE0062BE99 /* Sources */ = {
			isa = PBXSourcesBuildPhase;
			buildActionMask = 2147483647;
			files = (
				5B3F1C042A146EAE0062BE99 /* MovieAppTests.swift in Sources */,
			);
			runOnlyForDeploymentPostprocessing = 0;
		};
		5B3F1C052A146EAE0062BE99 /* Sources */ = {
			isa = PBXSourcesBuildPhase;
			buildActionMask = 2147483647;
			files = (
				5B3F1C102A146EAE0062BE99 /* MovieAppUITestsLaunchTests.swift in Sources */,
				5B3F1C0E2A146EAE0062BE99 /* MovieAppUITests.swift in Sources */,
			);
			runOnlyForDeploymentPostprocessing = 0;
		};
/* End PBXSourcesBuildPhase section */

/* Begin PBXTargetDependency section */
		5B3F1C012A146EAE0062BE99 /* PBXTargetDependency */ = {
			isa = PBXTargetDependency;
			target = 5B3F1BE82A146EAC0062BE99 /* MovieApp */;
			targetProxy = 5B3F1C002A146EAE0062BE99 /* PBXContainerItemProxy */;
		};
		5B3F1C0B2A146EAE0062BE99 /* PBXTargetDependency */ = {
			isa = PBXTargetDependency;
			target = 5B3F1BE82A146EAC0062BE99 /* MovieApp */;
			targetProxy = 5B3F1C0A2A146EAE0062BE99 /* PBXContainerItemProxy */;
		};
/* End PBXTargetDependency section */

/* Begin PBXVariantGroup section */
		5B3F1BF22A146EAC0062BE99 /* Main.storyboard */ = {
			isa = PBXVariantGroup;
			children = (
				5B3F1BF32A146EAC0062BE99 /* Base */,
			);
			name = Main.storyboard;
			sourceTree = "<group>";
		};
		5B3F1BF72A146EAE0062BE99 /* LaunchScreen.storyboard */ = {
			isa = PBXVariantGroup;
			children = (
				5B3F1BF82A146EAE0062BE99 /* Base */,
			);
			name = LaunchScreen.storyboard;
			sourceTree = "<group>";
		};
/* End PBXVariantGroup section */

/* Begin XCBuildConfiguration section */
		5B3F1C112A146EAE0062BE99 /* Debug */ = {
			isa = XCBuildConfiguration;
			baseConfigurationReference = 5BF21BA22A1A07A0006B0EA4 /* APIKEYS.xcconfig */;
			buildSettings = {
				ALWAYS_SEARCH_USER_PATHS = NO;
				CLANG_ANALYZER_NONNULL = YES;
				CLANG_ANALYZER_NUMBER_OBJECT_CONVERSION = YES_AGGRESSIVE;
				CLANG_CXX_LANGUAGE_STANDARD = "gnu++20";
				CLANG_ENABLE_MODULES = YES;
				CLANG_ENABLE_OBJC_ARC = YES;
				CLANG_ENABLE_OBJC_WEAK = YES;
				CLANG_WARN_BLOCK_CAPTURE_AUTORELEASING = YES;
				CLANG_WARN_BOOL_CONVERSION = YES;
				CLANG_WARN_COMMA = YES;
				CLANG_WARN_CONSTANT_CONVERSION = YES;
				CLANG_WARN_DEPRECATED_OBJC_IMPLEMENTATIONS = YES;
				CLANG_WARN_DIRECT_OBJC_ISA_USAGE = YES_ERROR;
				CLANG_WARN_DOCUMENTATION_COMMENTS = YES;
				CLANG_WARN_EMPTY_BODY = YES;
				CLANG_WARN_ENUM_CONVERSION = YES;
				CLANG_WARN_INFINITE_RECURSION = YES;
				CLANG_WARN_INT_CONVERSION = YES;
				CLANG_WARN_NON_LITERAL_NULL_CONVERSION = YES;
				CLANG_WARN_OBJC_IMPLICIT_RETAIN_SELF = YES;
				CLANG_WARN_OBJC_LITERAL_CONVERSION = YES;
				CLANG_WARN_OBJC_ROOT_CLASS = YES_ERROR;
				CLANG_WARN_QUOTED_INCLUDE_IN_FRAMEWORK_HEADER = YES;
				CLANG_WARN_RANGE_LOOP_ANALYSIS = YES;
				CLANG_WARN_STRICT_PROTOTYPES = YES;
				CLANG_WARN_SUSPICIOUS_MOVE = YES;
				CLANG_WARN_UNGUARDED_AVAILABILITY = YES_AGGRESSIVE;
				CLANG_WARN_UNREACHABLE_CODE = YES;
				CLANG_WARN__DUPLICATE_METHOD_MATCH = YES;
				COPY_PHASE_STRIP = NO;
				DEBUG_INFORMATION_FORMAT = dwarf;
				ENABLE_STRICT_OBJC_MSGSEND = YES;
				ENABLE_TESTABILITY = YES;
				GCC_C_LANGUAGE_STANDARD = gnu11;
				GCC_DYNAMIC_NO_PIC = NO;
				GCC_NO_COMMON_BLOCKS = YES;
				GCC_OPTIMIZATION_LEVEL = 0;
				GCC_PREPROCESSOR_DEFINITIONS = (
					"DEBUG=1",
					"$(inherited)",
				);
				GCC_WARN_64_TO_32_BIT_CONVERSION = YES;
				GCC_WARN_ABOUT_RETURN_TYPE = YES_ERROR;
				GCC_WARN_UNDECLARED_SELECTOR = YES;
				GCC_WARN_UNINITIALIZED_AUTOS = YES_AGGRESSIVE;
				GCC_WARN_UNUSED_FUNCTION = YES;
				GCC_WARN_UNUSED_VARIABLE = YES;
				IPHONEOS_DEPLOYMENT_TARGET = 15.0;
				MTL_ENABLE_DEBUG_INFO = INCLUDE_SOURCE;
				MTL_FAST_MATH = YES;
				ONLY_ACTIVE_ARCH = YES;
				SDKROOT = iphoneos;
				SWIFT_ACTIVE_COMPILATION_CONDITIONS = DEBUG;
				SWIFT_OPTIMIZATION_LEVEL = "-Onone";
			};
			name = Debug;
		};
		5B3F1C122A146EAE0062BE99 /* Release */ = {
			isa = XCBuildConfiguration;
			baseConfigurationReference = 5BF21BA22A1A07A0006B0EA4 /* APIKEYS.xcconfig */;
			buildSettings = {
				ALWAYS_SEARCH_USER_PATHS = NO;
				CLANG_ANALYZER_NONNULL = YES;
				CLANG_ANALYZER_NUMBER_OBJECT_CONVERSION = YES_AGGRESSIVE;
				CLANG_CXX_LANGUAGE_STANDARD = "gnu++20";
				CLANG_ENABLE_MODULES = YES;
				CLANG_ENABLE_OBJC_ARC = YES;
				CLANG_ENABLE_OBJC_WEAK = YES;
				CLANG_WARN_BLOCK_CAPTURE_AUTORELEASING = YES;
				CLANG_WARN_BOOL_CONVERSION = YES;
				CLANG_WARN_COMMA = YES;
				CLANG_WARN_CONSTANT_CONVERSION = YES;
				CLANG_WARN_DEPRECATED_OBJC_IMPLEMENTATIONS = YES;
				CLANG_WARN_DIRECT_OBJC_ISA_USAGE = YES_ERROR;
				CLANG_WARN_DOCUMENTATION_COMMENTS = YES;
				CLANG_WARN_EMPTY_BODY = YES;
				CLANG_WARN_ENUM_CONVERSION = YES;
				CLANG_WARN_INFINITE_RECURSION = YES;
				CLANG_WARN_INT_CONVERSION = YES;
				CLANG_WARN_NON_LITERAL_NULL_CONVERSION = YES;
				CLANG_WARN_OBJC_IMPLICIT_RETAIN_SELF = YES;
				CLANG_WARN_OBJC_LITERAL_CONVERSION = YES;
				CLANG_WARN_OBJC_ROOT_CLASS = YES_ERROR;
				CLANG_WARN_QUOTED_INCLUDE_IN_FRAMEWORK_HEADER = YES;
				CLANG_WARN_RANGE_LOOP_ANALYSIS = YES;
				CLANG_WARN_STRICT_PROTOTYPES = YES;
				CLANG_WARN_SUSPICIOUS_MOVE = YES;
				CLANG_WARN_UNGUARDED_AVAILABILITY = YES_AGGRESSIVE;
				CLANG_WARN_UNREACHABLE_CODE = YES;
				CLANG_WARN__DUPLICATE_METHOD_MATCH = YES;
				COPY_PHASE_STRIP = NO;
				DEBUG_INFORMATION_FORMAT = "dwarf-with-dsym";
				ENABLE_NS_ASSERTIONS = NO;
				ENABLE_STRICT_OBJC_MSGSEND = YES;
				GCC_C_LANGUAGE_STANDARD = gnu11;
				GCC_NO_COMMON_BLOCKS = YES;
				GCC_WARN_64_TO_32_BIT_CONVERSION = YES;
				GCC_WARN_ABOUT_RETURN_TYPE = YES_ERROR;
				GCC_WARN_UNDECLARED_SELECTOR = YES;
				GCC_WARN_UNINITIALIZED_AUTOS = YES_AGGRESSIVE;
				GCC_WARN_UNUSED_FUNCTION = YES;
				GCC_WARN_UNUSED_VARIABLE = YES;
				IPHONEOS_DEPLOYMENT_TARGET = 15.0;
				MTL_ENABLE_DEBUG_INFO = NO;
				MTL_FAST_MATH = YES;
				SDKROOT = iphoneos;
				SWIFT_COMPILATION_MODE = wholemodule;
				SWIFT_OPTIMIZATION_LEVEL = "-O";
				VALIDATE_PRODUCT = YES;
			};
			name = Release;
		};
		5B3F1C142A146EAE0062BE99 /* Debug */ = {
			isa = XCBuildConfiguration;
			buildSettings = {
				ASSETCATALOG_COMPILER_APPICON_NAME = AppIcon;
				ASSETCATALOG_COMPILER_GLOBAL_ACCENT_COLOR_NAME = AccentColor;
				CODE_SIGN_STYLE = Automatic;
				CURRENT_PROJECT_VERSION = 1;
				DEVELOPMENT_TEAM = LSMZ653R3K;
				GENERATE_INFOPLIST_FILE = YES;
				INFOPLIST_FILE = MovieApp/AppConfiguration/Info.plist;
				INFOPLIST_KEY_UIApplicationSupportsIndirectInputEvents = YES;
				INFOPLIST_KEY_UILaunchStoryboardName = LaunchScreen;
				INFOPLIST_KEY_UIMainStoryboardFile = Main;
				INFOPLIST_KEY_UIStatusBarStyle = UIStatusBarStyleLightContent;
				INFOPLIST_KEY_UISupportedInterfaceOrientations_iPad = "UIInterfaceOrientationPortrait UIInterfaceOrientationPortraitUpsideDown UIInterfaceOrientationLandscapeLeft UIInterfaceOrientationLandscapeRight";
				INFOPLIST_KEY_UISupportedInterfaceOrientations_iPhone = "UIInterfaceOrientationPortrait UIInterfaceOrientationLandscapeLeft UIInterfaceOrientationLandscapeRight";
				LD_RUNPATH_SEARCH_PATHS = (
					"$(inherited)",
					"@executable_path/Frameworks",
				);
				MARKETING_VERSION = 1.0;
				PRODUCT_BUNDLE_IDENTIFIER = Jason.MovieApp;
				PRODUCT_NAME = "$(TARGET_NAME)";
				SWIFT_EMIT_LOC_STRINGS = YES;
				SWIFT_VERSION = 5.0;
				TARGETED_DEVICE_FAMILY = "1,2";
			};
			name = Debug;
		};
		5B3F1C152A146EAE0062BE99 /* Release */ = {
			isa = XCBuildConfiguration;
			buildSettings = {
				ASSETCATALOG_COMPILER_APPICON_NAME = AppIcon;
				ASSETCATALOG_COMPILER_GLOBAL_ACCENT_COLOR_NAME = AccentColor;
				CODE_SIGN_STYLE = Automatic;
				CURRENT_PROJECT_VERSION = 1;
				DEVELOPMENT_TEAM = LSMZ653R3K;
				GENERATE_INFOPLIST_FILE = YES;
				INFOPLIST_FILE = MovieApp/AppConfiguration/Info.plist;
				INFOPLIST_KEY_UIApplicationSupportsIndirectInputEvents = YES;
				INFOPLIST_KEY_UILaunchStoryboardName = LaunchScreen;
				INFOPLIST_KEY_UIMainStoryboardFile = Main;
				INFOPLIST_KEY_UIStatusBarStyle = UIStatusBarStyleLightContent;
				INFOPLIST_KEY_UISupportedInterfaceOrientations_iPad = "UIInterfaceOrientationPortrait UIInterfaceOrientationPortraitUpsideDown UIInterfaceOrientationLandscapeLeft UIInterfaceOrientationLandscapeRight";
				INFOPLIST_KEY_UISupportedInterfaceOrientations_iPhone = "UIInterfaceOrientationPortrait UIInterfaceOrientationLandscapeLeft UIInterfaceOrientationLandscapeRight";
				LD_RUNPATH_SEARCH_PATHS = (
					"$(inherited)",
					"@executable_path/Frameworks",
				);
				MARKETING_VERSION = 1.0;
				PRODUCT_BUNDLE_IDENTIFIER = Jason.MovieApp;
				PRODUCT_NAME = "$(TARGET_NAME)";
				SWIFT_EMIT_LOC_STRINGS = YES;
				SWIFT_VERSION = 5.0;
				TARGETED_DEVICE_FAMILY = "1,2";
			};
			name = Release;
		};
		5B3F1C172A146EAE0062BE99 /* Debug */ = {
			isa = XCBuildConfiguration;
			buildSettings = {
				ALWAYS_EMBED_SWIFT_STANDARD_LIBRARIES = YES;
				BUNDLE_LOADER = "$(TEST_HOST)";
				CODE_SIGN_STYLE = Automatic;
				CURRENT_PROJECT_VERSION = 1;
				DEVELOPMENT_TEAM = LSMZ653R3K;
				GENERATE_INFOPLIST_FILE = YES;
				IPHONEOS_DEPLOYMENT_TARGET = 16.2;
				MARKETING_VERSION = 1.0;
				PRODUCT_BUNDLE_IDENTIFIER = Jason.MovieAppTests;
				PRODUCT_NAME = "$(TARGET_NAME)";
				SWIFT_EMIT_LOC_STRINGS = NO;
				SWIFT_VERSION = 5.0;
				TARGETED_DEVICE_FAMILY = "1,2";
				TEST_HOST = "$(BUILT_PRODUCTS_DIR)/MovieApp.app/$(BUNDLE_EXECUTABLE_FOLDER_PATH)/MovieApp";
			};
			name = Debug;
		};
		5B3F1C182A146EAE0062BE99 /* Release */ = {
			isa = XCBuildConfiguration;
			buildSettings = {
				ALWAYS_EMBED_SWIFT_STANDARD_LIBRARIES = YES;
				BUNDLE_LOADER = "$(TEST_HOST)";
				CODE_SIGN_STYLE = Automatic;
				CURRENT_PROJECT_VERSION = 1;
				DEVELOPMENT_TEAM = LSMZ653R3K;
				GENERATE_INFOPLIST_FILE = YES;
				IPHONEOS_DEPLOYMENT_TARGET = 16.2;
				MARKETING_VERSION = 1.0;
				PRODUCT_BUNDLE_IDENTIFIER = Jason.MovieAppTests;
				PRODUCT_NAME = "$(TARGET_NAME)";
				SWIFT_EMIT_LOC_STRINGS = NO;
				SWIFT_VERSION = 5.0;
				TARGETED_DEVICE_FAMILY = "1,2";
				TEST_HOST = "$(BUILT_PRODUCTS_DIR)/MovieApp.app/$(BUNDLE_EXECUTABLE_FOLDER_PATH)/MovieApp";
			};
			name = Release;
		};
		5B3F1C1A2A146EAE0062BE99 /* Debug */ = {
			isa = XCBuildConfiguration;
			buildSettings = {
				ALWAYS_EMBED_SWIFT_STANDARD_LIBRARIES = YES;
				CODE_SIGN_STYLE = Automatic;
				CURRENT_PROJECT_VERSION = 1;
				DEVELOPMENT_TEAM = LSMZ653R3K;
				GENERATE_INFOPLIST_FILE = YES;
				MARKETING_VERSION = 1.0;
				PRODUCT_BUNDLE_IDENTIFIER = Jason.MovieAppUITests;
				PRODUCT_NAME = "$(TARGET_NAME)";
				SWIFT_EMIT_LOC_STRINGS = NO;
				SWIFT_VERSION = 5.0;
				TARGETED_DEVICE_FAMILY = "1,2";
				TEST_TARGET_NAME = MovieApp;
			};
			name = Debug;
		};
		5B3F1C1B2A146EAE0062BE99 /* Release */ = {
			isa = XCBuildConfiguration;
			buildSettings = {
				ALWAYS_EMBED_SWIFT_STANDARD_LIBRARIES = YES;
				CODE_SIGN_STYLE = Automatic;
				CURRENT_PROJECT_VERSION = 1;
				DEVELOPMENT_TEAM = LSMZ653R3K;
				GENERATE_INFOPLIST_FILE = YES;
				MARKETING_VERSION = 1.0;
				PRODUCT_BUNDLE_IDENTIFIER = Jason.MovieAppUITests;
				PRODUCT_NAME = "$(TARGET_NAME)";
				SWIFT_EMIT_LOC_STRINGS = NO;
				SWIFT_VERSION = 5.0;
				TARGETED_DEVICE_FAMILY = "1,2";
				TEST_TARGET_NAME = MovieApp;
			};
			name = Release;
		};
/* End XCBuildConfiguration section */

/* Begin XCConfigurationList section */
		5B3F1BE42A146EAC0062BE99 /* Build configuration list for PBXProject "MovieApp" */ = {
			isa = XCConfigurationList;
			buildConfigurations = (
				5B3F1C112A146EAE0062BE99 /* Debug */,
				5B3F1C122A146EAE0062BE99 /* Release */,
			);
			defaultConfigurationIsVisible = 0;
			defaultConfigurationName = Release;
		};
		5B3F1C132A146EAE0062BE99 /* Build configuration list for PBXNativeTarget "MovieApp" */ = {
			isa = XCConfigurationList;
			buildConfigurations = (
				5B3F1C142A146EAE0062BE99 /* Debug */,
				5B3F1C152A146EAE0062BE99 /* Release */,
			);
			defaultConfigurationIsVisible = 0;
			defaultConfigurationName = Release;
		};
		5B3F1C162A146EAE0062BE99 /* Build configuration list for PBXNativeTarget "MovieAppTests" */ = {
			isa = XCConfigurationList;
			buildConfigurations = (
				5B3F1C172A146EAE0062BE99 /* Debug */,
				5B3F1C182A146EAE0062BE99 /* Release */,
			);
			defaultConfigurationIsVisible = 0;
			defaultConfigurationName = Release;
		};
		5B3F1C192A146EAE0062BE99 /* Build configuration list for PBXNativeTarget "MovieAppUITests" */ = {
			isa = XCConfigurationList;
			buildConfigurations = (
				5B3F1C1A2A146EAE0062BE99 /* Debug */,
				5B3F1C1B2A146EAE0062BE99 /* Release */,
			);
			defaultConfigurationIsVisible = 0;
			defaultConfigurationName = Release;
		};
/* End XCConfigurationList section */

/* Begin XCRemoteSwiftPackageReference section */
		5B3F1C672A1495100062BE99 /* XCRemoteSwiftPackageReference "Alamofire" */ = {
			isa = XCRemoteSwiftPackageReference;
			repositoryURL = "https://github.com/Alamofire/Alamofire";
			requirement = {
				kind = upToNextMajorVersion;
				minimumVersion = 5.0.0;
			};
		};
		5BCE28992A1B367E0076F189 /* XCRemoteSwiftPackageReference "kakao-ios-sdk" */ = {
			isa = XCRemoteSwiftPackageReference;
			repositoryURL = "https://github.com/kakao/kakao-ios-sdk";
			requirement = {
				branch = master;
				kind = branch;
			};
		};
/* End XCRemoteSwiftPackageReference section */

/* Begin XCSwiftPackageProductDependency section */
		5B3F1C682A1495100062BE99 /* Alamofire */ = {
			isa = XCSwiftPackageProductDependency;
			package = 5B3F1C672A1495100062BE99 /* XCRemoteSwiftPackageReference "Alamofire" */;
			productName = Alamofire;
		};
		5BCE289A2A1B367E0076F189 /* KakaoSDK */ = {
			isa = XCSwiftPackageProductDependency;
			package = 5BCE28992A1B367E0076F189 /* XCRemoteSwiftPackageReference "kakao-ios-sdk" */;
			productName = KakaoSDK;
		};
		5BCE289C2A1B367E0076F189 /* KakaoSDKAuth */ = {
			isa = XCSwiftPackageProductDependency;
			package = 5BCE28992A1B367E0076F189 /* XCRemoteSwiftPackageReference "kakao-ios-sdk" */;
			productName = KakaoSDKAuth;
		};
/* End XCSwiftPackageProductDependency section */
	};
	rootObject = 5B3F1BE12A146EAC0062BE99 /* Project object */;
}
